// !$*UTF8*$!
{
	archiveVersion = 1;
	classes = {
	};
	objectVersion = 48;
	objects = {

/* Begin PBXBuildFile section */
		377620A57E2C1A067FAB4667 /* Pods_BGSocialNetworking.framework in Frameworks */ = {isa = PBXBuildFile; fileRef = D7474BDCEB7F9954AB045484 /* Pods_BGSocialNetworking.framework */; };
		683D57911F0F186C0085E36A /* FeedVC.swift in Sources */ = {isa = PBXBuildFile; fileRef = 683D57901F0F186C0085E36A /* FeedVC.swift */; };
		6879F28B1EFF686C00779566 /* AppDelegate.swift in Sources */ = {isa = PBXBuildFile; fileRef = 6879F28A1EFF686C00779566 /* AppDelegate.swift */; };
		6879F28D1EFF686C00779566 /* SignInVC.swift in Sources */ = {isa = PBXBuildFile; fileRef = 6879F28C1EFF686C00779566 /* SignInVC.swift */; };
		6879F2901EFF686C00779566 /* Main.storyboard in Resources */ = {isa = PBXBuildFile; fileRef = 6879F28E1EFF686C00779566 /* Main.storyboard */; };
		6879F2921EFF686C00779566 /* Assets.xcassets in Resources */ = {isa = PBXBuildFile; fileRef = 6879F2911EFF686C00779566 /* Assets.xcassets */; };
		6879F2951EFF686C00779566 /* LaunchScreen.storyboard in Resources */ = {isa = PBXBuildFile; fileRef = 6879F2931EFF686C00779566 /* LaunchScreen.storyboard */; };
		6879F29D1EFF68B400779566 /* GoogleService-Info.plist in Resources */ = {isa = PBXBuildFile; fileRef = 6879F29C1EFF68B400779566 /* GoogleService-Info.plist */; };
		687BAF0A1F26997600A17738 /* PostCell.swift in Sources */ = {isa = PBXBuildFile; fileRef = 687BAF091F26997600A17738 /* PostCell.swift */; };
		68CC6A411F04849200145DFA /* TopLogoView.swift in Sources */ = {isa = PBXBuildFile; fileRef = 68CC6A401F04849200145DFA /* TopLogoView.swift */; };
		68CC6A441F0484AE00145DFA /* Constants.swift in Sources */ = {isa = PBXBuildFile; fileRef = 68CC6A431F0484AE00145DFA /* Constants.swift */; };
		68CC6A461F04885E00145DFA /* SocialSignInButton.swift in Sources */ = {isa = PBXBuildFile; fileRef = 68CC6A451F04885E00145DFA /* SocialSignInButton.swift */; };
		68CC6A481F048AF500145DFA /* EmailAdressTextField.swift in Sources */ = {isa = PBXBuildFile; fileRef = 68CC6A471F048AF500145DFA /* EmailAdressTextField.swift */; };
		68CC6A4A1F048CDA00145DFA /* SignInButton.swift in Sources */ = {isa = PBXBuildFile; fileRef = 68CC6A491F048CDA00145DFA /* SignInButton.swift */; };
		68E2E0861F1156DB00220A1E /* CircleView.swift in Sources */ = {isa = PBXBuildFile; fileRef = 68E2E0851F1156DB00220A1E /* CircleView.swift */; };
/* End PBXBuildFile section */

/* Begin PBXFileReference section */
		2E8BBA5DAFB9FFB27B8FF493 /* Pods-BGSocialNetworking.debug.xcconfig */ = {isa = PBXFileReference; includeInIndex = 1; lastKnownFileType = text.xcconfig; name = "Pods-BGSocialNetworking.debug.xcconfig"; path = "Pods/Target Support Files/Pods-BGSocialNetworking/Pods-BGSocialNetworking.debug.xcconfig"; sourceTree = "<group>"; };
		2FED2AF9DA3020FD6B468221 /* Pods-BGSocialNetworking.release.xcconfig */ = {isa = PBXFileReference; includeInIndex = 1; lastKnownFileType = text.xcconfig; name = "Pods-BGSocialNetworking.release.xcconfig"; path = "Pods/Target Support Files/Pods-BGSocialNetworking/Pods-BGSocialNetworking.release.xcconfig"; sourceTree = "<group>"; };
		683B219C1F0AC5A9004037B2 /* BGSocialNetworking.entitlements */ = {isa = PBXFileReference; lastKnownFileType = text.plist.entitlements; path = BGSocialNetworking.entitlements; sourceTree = "<group>"; };
		683D57901F0F186C0085E36A /* FeedVC.swift */ = {isa = PBXFileReference; lastKnownFileType = sourcecode.swift; path = FeedVC.swift; sourceTree = "<group>"; };
		6879F2871EFF686C00779566 /* BGSocialNetworking.app */ = {isa = PBXFileReference; explicitFileType = wrapper.application; includeInIndex = 0; path = BGSocialNetworking.app; sourceTree = BUILT_PRODUCTS_DIR; };
		6879F28A1EFF686C00779566 /* AppDelegate.swift */ = {isa = PBXFileReference; lastKnownFileType = sourcecode.swift; path = AppDelegate.swift; sourceTree = "<group>"; };
		6879F28C1EFF686C00779566 /* SignInVC.swift */ = {isa = PBXFileReference; lastKnownFileType = sourcecode.swift; path = SignInVC.swift; sourceTree = "<group>"; };
		6879F28F1EFF686C00779566 /* Base */ = {isa = PBXFileReference; lastKnownFileType = file.storyboard; name = Base; path = Base.lproj/Main.storyboard; sourceTree = "<group>"; };
		6879F2911EFF686C00779566 /* Assets.xcassets */ = {isa = PBXFileReference; lastKnownFileType = folder.assetcatalog; path = Assets.xcassets; sourceTree = "<group>"; };
		6879F2941EFF686C00779566 /* Base */ = {isa = PBXFileReference; lastKnownFileType = file.storyboard; name = Base; path = Base.lproj/LaunchScreen.storyboard; sourceTree = "<group>"; };
		6879F2961EFF686C00779566 /* Info.plist */ = {isa = PBXFileReference; lastKnownFileType = text.plist.xml; path = Info.plist; sourceTree = "<group>"; };
		6879F29C1EFF68B400779566 /* GoogleService-Info.plist */ = {isa = PBXFileReference; fileEncoding = 4; lastKnownFileType = text.plist.xml; name = "GoogleService-Info.plist"; path = "../../../../../../Downloads/GoogleService-Info.plist"; sourceTree = "<group>"; };
		687BAF091F26997600A17738 /* PostCell.swift */ = {isa = PBXFileReference; lastKnownFileType = sourcecode.swift; path = PostCell.swift; sourceTree = "<group>"; };
		68CC6A401F04849200145DFA /* TopLogoView.swift */ = {isa = PBXFileReference; lastKnownFileType = sourcecode.swift; path = TopLogoView.swift; sourceTree = "<group>"; };
		68CC6A431F0484AE00145DFA /* Constants.swift */ = {isa = PBXFileReference; lastKnownFileType = sourcecode.swift; path = Constants.swift; sourceTree = "<group>"; };
		68CC6A451F04885E00145DFA /* SocialSignInButton.swift */ = {isa = PBXFileReference; lastKnownFileType = sourcecode.swift; path = SocialSignInButton.swift; sourceTree = "<group>"; };
		68CC6A471F048AF500145DFA /* EmailAdressTextField.swift */ = {isa = PBXFileReference; lastKnownFileType = sourcecode.swift; path = EmailAdressTextField.swift; sourceTree = "<group>"; };
		68CC6A491F048CDA00145DFA /* SignInButton.swift */ = {isa = PBXFileReference; lastKnownFileType = sourcecode.swift; path = SignInButton.swift; sourceTree = "<group>"; };
		68E2E0851F1156DB00220A1E /* CircleView.swift */ = {isa = PBXFileReference; lastKnownFileType = sourcecode.swift; path = CircleView.swift; sourceTree = "<group>"; };
		D7474BDCEB7F9954AB045484 /* Pods_BGSocialNetworking.framework */ = {isa = PBXFileReference; explicitFileType = wrapper.framework; includeInIndex = 0; path = Pods_BGSocialNetworking.framework; sourceTree = BUILT_PRODUCTS_DIR; };
/* End PBXFileReference section */

/* Begin PBXFrameworksBuildPhase section */
		6879F2841EFF686C00779566 /* Frameworks */ = {
			isa = PBXFrameworksBuildPhase;
			buildActionMask = 2147483647;
			files = (
				377620A57E2C1A067FAB4667 /* Pods_BGSocialNetworking.framework in Frameworks */,
			);
			runOnlyForDeploymentPostprocessing = 0;
		};
/* End PBXFrameworksBuildPhase section */

/* Begin PBXGroup section */
		6879F27E1EFF686C00779566 = {
			isa = PBXGroup;
			children = (
				6879F2891EFF686C00779566 /* BGSocialNetworking */,
				6879F2881EFF686C00779566 /* Products */,
				EBCDE1113D9EC1DBC21A9F50 /* Pods */,
				6DDB6043A0B34BCB187C24A5 /* Frameworks */,
			);
			sourceTree = "<group>";
		};
		6879F2881EFF686C00779566 /* Products */ = {
			isa = PBXGroup;
			children = (
				6879F2871EFF686C00779566 /* BGSocialNetworking.app */,
			);
			name = Products;
			sourceTree = "<group>";
		};
		6879F2891EFF686C00779566 /* BGSocialNetworking */ = {
			isa = PBXGroup;
			children = (
				683B219C1F0AC5A9004037B2 /* BGSocialNetworking.entitlements */,
				68CC6A421F04849D00145DFA /* Util */,
				6879F2A01EFF6C9600779566 /* Model */,
				6879F29F1EFF6C8C00779566 /* View */,
				6879F29E1EFF6C7D00779566 /* Controller */,
				6879F2A11EFF6C9D00779566 /* Resources */,
				6879F29C1EFF68B400779566 /* GoogleService-Info.plist */,
				6879F28A1EFF686C00779566 /* AppDelegate.swift */,
				6879F28E1EFF686C00779566 /* Main.storyboard */,
				6879F2911EFF686C00779566 /* Assets.xcassets */,
				6879F2931EFF686C00779566 /* LaunchScreen.storyboard */,
				6879F2961EFF686C00779566 /* Info.plist */,
			);
			path = BGSocialNetworking;
			sourceTree = "<group>";
		};
		6879F29E1EFF6C7D00779566 /* Controller */ = {
			isa = PBXGroup;
			children = (
				6879F28C1EFF686C00779566 /* SignInVC.swift */,
				683D57901F0F186C0085E36A /* FeedVC.swift */,
			);
			path = Controller;
			sourceTree = "<group>";
		};
		6879F29F1EFF6C8C00779566 /* View */ = {
			isa = PBXGroup;
			children = (
				68CC6A401F04849200145DFA /* TopLogoView.swift */,
				68CC6A451F04885E00145DFA /* SocialSignInButton.swift */,
				68CC6A471F048AF500145DFA /* EmailAdressTextField.swift */,
				68CC6A491F048CDA00145DFA /* SignInButton.swift */,
				68E2E0851F1156DB00220A1E /* CircleView.swift */,
				687BAF091F26997600A17738 /* PostCell.swift */,
			);
			path = View;
			sourceTree = "<group>";
		};
		6879F2A01EFF6C9600779566 /* Model */ = {
			isa = PBXGroup;
			children = (
			);
			path = Model;
			sourceTree = "<group>";
		};
		6879F2A11EFF6C9D00779566 /* Resources */ = {
			isa = PBXGroup;
			children = (
			);
			path = Resources;
			sourceTree = "<group>";
		};
		68CC6A421F04849D00145DFA /* Util */ = {
			isa = PBXGroup;
			children = (
				68CC6A431F0484AE00145DFA /* Constants.swift */,
			);
			path = Util;
			sourceTree = "<group>";
		};
		6DDB6043A0B34BCB187C24A5 /* Frameworks */ = {
			isa = PBXGroup;
			children = (
				D7474BDCEB7F9954AB045484 /* Pods_BGSocialNetworking.framework */,
			);
			name = Frameworks;
			sourceTree = "<group>";
		};
		EBCDE1113D9EC1DBC21A9F50 /* Pods */ = {
			isa = PBXGroup;
			children = (
				2E8BBA5DAFB9FFB27B8FF493 /* Pods-BGSocialNetworking.debug.xcconfig */,
				2FED2AF9DA3020FD6B468221 /* Pods-BGSocialNetworking.release.xcconfig */,
			);
			name = Pods;
			sourceTree = "<group>";
		};
/* End PBXGroup section */

/* Begin PBXNativeTarget section */
		6879F2861EFF686C00779566 /* BGSocialNetworking */ = {
			isa = PBXNativeTarget;
			buildConfigurationList = 6879F2991EFF686C00779566 /* Build configuration list for PBXNativeTarget "BGSocialNetworking" */;
			buildPhases = (
				C03608DD971DD88B9593F97F /* [CP] Check Pods Manifest.lock */,
				6879F2831EFF686C00779566 /* Sources */,
				6879F2841EFF686C00779566 /* Frameworks */,
				6879F2851EFF686C00779566 /* Resources */,
				68955E12F3A57A365ADF2B7D /* [CP] Embed Pods Frameworks */,
				2B92AE4C64E02FCA5AD59FFB /* [CP] Copy Pods Resources */,
			);
			buildRules = (
			);
			dependencies = (
			);
			name = BGSocialNetworking;
			productName = BGSocialNetworking;
			productReference = 6879F2871EFF686C00779566 /* BGSocialNetworking.app */;
			productType = "com.apple.product-type.application";
		};
/* End PBXNativeTarget section */

/* Begin PBXProject section */
		6879F27F1EFF686C00779566 /* Project object */ = {
			isa = PBXProject;
			attributes = {
				LastSwiftUpdateCheck = 0900;
				LastUpgradeCheck = 0900;
				ORGANIZATIONNAME = "Mnemosyne C2";
				TargetAttributes = {
					6879F2861EFF686C00779566 = {
						CreatedOnToolsVersion = 9.0;
						SystemCapabilities = {
							com.apple.Keychain = {
								enabled = 1;
							};
						};
					};
				};
			};
			buildConfigurationList = 6879F2821EFF686C00779566 /* Build configuration list for PBXProject "BGSocialNetworking" */;
			compatibilityVersion = "Xcode 8.0";
			developmentRegion = en;
			hasScannedForEncodings = 0;
			knownRegions = (
				en,
				Base,
			);
			mainGroup = 6879F27E1EFF686C00779566;
			productRefGroup = 6879F2881EFF686C00779566 /* Products */;
			projectDirPath = "";
			projectRoot = "";
			targets = (
				6879F2861EFF686C00779566 /* BGSocialNetworking */,
			);
		};
/* End PBXProject section */

/* Begin PBXResourcesBuildPhase section */
		6879F2851EFF686C00779566 /* Resources */ = {
			isa = PBXResourcesBuildPhase;
			buildActionMask = 2147483647;
			files = (
				6879F2951EFF686C00779566 /* LaunchScreen.storyboard in Resources */,
				6879F29D1EFF68B400779566 /* GoogleService-Info.plist in Resources */,
				6879F2921EFF686C00779566 /* Assets.xcassets in Resources */,
				6879F2901EFF686C00779566 /* Main.storyboard in Resources */,
			);
			runOnlyForDeploymentPostprocessing = 0;
		};
/* End PBXResourcesBuildPhase section */

/* Begin PBXShellScriptBuildPhase section */
		2B92AE4C64E02FCA5AD59FFB /* [CP] Copy Pods Resources */ = {
			isa = PBXShellScriptBuildPhase;
			buildActionMask = 2147483647;
			files = (
			);
			inputPaths = (
			);
			name = "[CP] Copy Pods Resources";
			outputPaths = (
			);
			runOnlyForDeploymentPostprocessing = 0;
			shellPath = /bin/sh;
			shellScript = "\"${SRCROOT}/Pods/Target Support Files/Pods-BGSocialNetworking/Pods-BGSocialNetworking-resources.sh\"\n";
			showEnvVarsInLog = 0;
		};
		68955E12F3A57A365ADF2B7D /* [CP] Embed Pods Frameworks */ = {
			isa = PBXShellScriptBuildPhase;
			buildActionMask = 2147483647;
			files = (
			);
			inputPaths = (
			);
			name = "[CP] Embed Pods Frameworks";
			outputPaths = (
			);
			runOnlyForDeploymentPostprocessing = 0;
			shellPath = /bin/sh;
			shellScript = "\"${SRCROOT}/Pods/Target Support Files/Pods-BGSocialNetworking/Pods-BGSocialNetworking-frameworks.sh\"\n";
			showEnvVarsInLog = 0;
		};
		C03608DD971DD88B9593F97F /* [CP] Check Pods Manifest.lock */ = {
			isa = PBXShellScriptBuildPhase;
			buildActionMask = 2147483647;
			files = (
			);
			inputPaths = (
			);
			name = "[CP] Check Pods Manifest.lock";
			outputPaths = (
			);
			runOnlyForDeploymentPostprocessing = 0;
			shellPath = /bin/sh;
			shellScript = "diff \"${PODS_PODFILE_DIR_PATH}/Podfile.lock\" \"${PODS_ROOT}/Manifest.lock\" > /dev/null\nif [ $? != 0 ] ; then\n    # print error to STDERR\n    echo \"error: The sandbox is not in sync with the Podfile.lock. Run 'pod install' or update your CocoaPods installation.\" >&2\n    exit 1\nfi\n";
			showEnvVarsInLog = 0;
		};
/* End PBXShellScriptBuildPhase section */

/* Begin PBXSourcesBuildPhase section */
		6879F2831EFF686C00779566 /* Sources */ = {
			isa = PBXSourcesBuildPhase;
			buildActionMask = 2147483647;
			files = (
				68E2E0861F1156DB00220A1E /* CircleView.swift in Sources */,
				68CC6A4A1F048CDA00145DFA /* SignInButton.swift in Sources */,
				68CC6A461F04885E00145DFA /* SocialSignInButton.swift in Sources */,
				6879F28D1EFF686C00779566 /* SignInVC.swift in Sources */,
				68CC6A441F0484AE00145DFA /* Constants.swift in Sources */,
				683D57911F0F186C0085E36A /* FeedVC.swift in Sources */,
				6879F28B1EFF686C00779566 /* AppDelegate.swift in Sources */,
				68CC6A481F048AF500145DFA /* EmailAdressTextField.swift in Sources */,
				68CC6A411F04849200145DFA /* TopLogoView.swift in Sources */,
				687BAF0A1F26997600A17738 /* PostCell.swift in Sources */,
			);
			runOnlyForDeploymentPostprocessing = 0;
		};
/* End PBXSourcesBuildPhase section */

/* Begin PBXVariantGroup section */
		6879F28E1EFF686C00779566 /* Main.storyboard */ = {
			isa = PBXVariantGroup;
			children = (
				6879F28F1EFF686C00779566 /* Base */,
			);
			name = Main.storyboard;
			sourceTree = "<group>";
		};
		6879F2931EFF686C00779566 /* LaunchScreen.storyboard */ = {
			isa = PBXVariantGroup;
			children = (
				6879F2941EFF686C00779566 /* Base */,
			);
			name = LaunchScreen.storyboard;
			sourceTree = "<group>";
		};
/* End PBXVariantGroup section */

/* Begin XCBuildConfiguration section */
		6879F2971EFF686C00779566 /* Debug */ = {
			isa = XCBuildConfiguration;
			buildSettings = {
				ALWAYS_SEARCH_USER_PATHS = NO;
				CLANG_ANALYZER_NONNULL = YES;
				CLANG_ANALYZER_NUMBER_OBJECT_CONVERSION = YES_AGGRESSIVE;
				CLANG_CXX_LANGUAGE_STANDARD = "gnu++14";
				CLANG_CXX_LIBRARY = "libc++";
				CLANG_ENABLE_MODULES = YES;
				CLANG_ENABLE_OBJC_ARC = YES;
				CLANG_WARN_BLOCK_CAPTURE_AUTORELEASING = YES;
				CLANG_WARN_BOOL_CONVERSION = YES;
				CLANG_WARN_COMMA = YES;
				CLANG_WARN_CONSTANT_CONVERSION = YES;
				CLANG_WARN_DIRECT_OBJC_ISA_USAGE = YES_ERROR;
				CLANG_WARN_DOCUMENTATION_COMMENTS = YES;
				CLANG_WARN_EMPTY_BODY = YES;
				CLANG_WARN_ENUM_CONVERSION = YES;
				CLANG_WARN_INFINITE_RECURSION = YES;
				CLANG_WARN_INT_CONVERSION = YES;
				CLANG_WARN_NON_LITERAL_NULL_CONVERSION = YES;
				CLANG_WARN_OBJC_LITERAL_CONVERSION = YES;
				CLANG_WARN_OBJC_ROOT_CLASS = YES_ERROR;
				CLANG_WARN_RANGE_LOOP_ANALYSIS = YES;
				CLANG_WARN_STRICT_PROTOTYPES = YES;
				CLANG_WARN_SUSPICIOUS_MOVE = YES;
				CLANG_WARN_UNGUARDED_AVAILABILITY = YES_AGGRESSIVE;
				CLANG_WARN_UNREACHABLE_CODE = YES;
				CLANG_WARN__DUPLICATE_METHOD_MATCH = YES;
				CODE_SIGN_IDENTITY = "iPhone Developer";
				COPY_PHASE_STRIP = NO;
				DEBUG_INFORMATION_FORMAT = dwarf;
				ENABLE_STRICT_OBJC_MSGSEND = YES;
				ENABLE_TESTABILITY = YES;
				GCC_C_LANGUAGE_STANDARD = gnu11;
				GCC_DYNAMIC_NO_PIC = NO;
				GCC_NO_COMMON_BLOCKS = YES;
				GCC_OPTIMIZATION_LEVEL = 0;
				GCC_PREPROCESSOR_DEFINITIONS = (
					"DEBUG=1",
					"$(inherited)",
				);
				GCC_WARN_64_TO_32_BIT_CONVERSION = YES;
				GCC_WARN_ABOUT_RETURN_TYPE = YES_ERROR;
				GCC_WARN_UNDECLARED_SELECTOR = YES;
				GCC_WARN_UNINITIALIZED_AUTOS = YES_AGGRESSIVE;
				GCC_WARN_UNUSED_FUNCTION = YES;
				GCC_WARN_UNUSED_VARIABLE = YES;
				IPHONEOS_DEPLOYMENT_TARGET = 11.0;
				MTL_ENABLE_DEBUG_INFO = YES;
				ONLY_ACTIVE_ARCH = YES;
				SDKROOT = iphoneos;
				SWIFT_ACTIVE_COMPILATION_CONDITIONS = DEBUG;
				SWIFT_OPTIMIZATION_LEVEL = "-Onone";
				SWIFT_VERSION = 3.0;
			};
			name = Debug;
		};
		6879F2981EFF686C00779566 /* Release */ = {
			isa = XCBuildConfiguration;
			buildSettings = {
				ALWAYS_SEARCH_USER_PATHS = NO;
				CLANG_ANALYZER_NONNULL = YES;
				CLANG_ANALYZER_NUMBER_OBJECT_CONVERSION = YES_AGGRESSIVE;
				CLANG_CXX_LANGUAGE_STANDARD = "gnu++14";
				CLANG_CXX_LIBRARY = "libc++";
				CLANG_ENABLE_MODULES = YES;
				CLANG_ENABLE_OBJC_ARC = YES;
				CLANG_WARN_BLOCK_CAPTURE_AUTORELEASING = YES;
				CLANG_WARN_BOOL_CONVERSION = YES;
				CLANG_WARN_COMMA = YES;
				CLANG_WARN_CONSTANT_CONVERSION = YES;
				CLANG_WARN_DIRECT_OBJC_ISA_USAGE = YES_ERROR;
				CLANG_WARN_DOCUMENTATION_COMMENTS = YES;
				CLANG_WARN_EMPTY_BODY = YES;
				CLANG_WARN_ENUM_CONVERSION = YES;
				CLANG_WARN_INFINITE_RECURSION = YES;
				CLANG_WARN_INT_CONVERSION = YES;
				CLANG_WARN_NON_LITERAL_NULL_CONVERSION = YES;
				CLANG_WARN_OBJC_LITERAL_CONVERSION = YES;
				CLANG_WARN_OBJC_ROOT_CLASS = YES_ERROR;
				CLANG_WARN_RANGE_LOOP_ANALYSIS = YES;
				CLANG_WARN_STRICT_PROTOTYPES = YES;
				CLANG_WARN_SUSPICIOUS_MOVE = YES;
				CLANG_WARN_UNGUARDED_AVAILABILITY = YES_AGGRESSIVE;
				CLANG_WARN_UNREACHABLE_CODE = YES;
				CLANG_WARN__DUPLICATE_METHOD_MATCH = YES;
				CODE_SIGN_IDENTITY = "iPhone Developer";
				COPY_PHASE_STRIP = NO;
				DEBUG_INFORMATION_FORMAT = "dwarf-with-dsym";
				ENABLE_NS_ASSERTIONS = NO;
				ENABLE_STRICT_OBJC_MSGSEND = YES;
				GCC_C_LANGUAGE_STANDARD = gnu11;
				GCC_NO_COMMON_BLOCKS = YES;
				GCC_WARN_64_TO_32_BIT_CONVERSION = YES;
				GCC_WARN_ABOUT_RETURN_TYPE = YES_ERROR;
				GCC_WARN_UNDECLARED_SELECTOR = YES;
				GCC_WARN_UNINITIALIZED_AUTOS = YES_AGGRESSIVE;
				GCC_WARN_UNUSED_FUNCTION = YES;
				GCC_WARN_UNUSED_VARIABLE = YES;
				IPHONEOS_DEPLOYMENT_TARGET = 11.0;
				MTL_ENABLE_DEBUG_INFO = NO;
				SDKROOT = iphoneos;
				SWIFT_OPTIMIZATION_LEVEL = "-Owholemodule";
				SWIFT_VERSION = 3.0;
				VALIDATE_PRODUCT = YES;
			};
			name = Release;
		};
		6879F29A1EFF686C00779566 /* Debug */ = {
			isa = XCBuildConfiguration;
			baseConfigurationReference = 2E8BBA5DAFB9FFB27B8FF493 /* Pods-BGSocialNetworking.debug.xcconfig */;
			buildSettings = {
				ASSETCATALOG_COMPILER_APPICON_NAME = AppIcon;
				CODE_SIGN_ENTITLEMENTS = BGSocialNetworking/BGSocialNetworking.entitlements;
				DEVELOPMENT_TEAM = 2JRSF99V93;
				INFOPLIST_FILE = BGSocialNetworking/Info.plist;
				IPHONEOS_DEPLOYMENT_TARGET = 10.3;
				LD_RUNPATH_SEARCH_PATHS = "$(inherited) @executable_path/Frameworks";
				PRODUCT_BUNDLE_IDENTIFIER = com.MnemosyneC2.BGSocialNetworking;
				PRODUCT_NAME = "$(TARGET_NAME)";
				SWIFT_VERSION = 3.0;
				TARGETED_DEVICE_FAMILY = "1,2";
			};
			name = Debug;
		};
		6879F29B1EFF686C00779566 /* Release */ = {
			isa = XCBuildConfiguration;
			baseConfigurationReference = 2FED2AF9DA3020FD6B468221 /* Pods-BGSocialNetworking.release.xcconfig */;
			buildSettings = {
				ASSETCATALOG_COMPILER_APPICON_NAME = AppIcon;
				CODE_SIGN_ENTITLEMENTS = BGSocialNetworking/BGSocialNetworking.entitlements;
				DEVELOPMENT_TEAM = 2JRSF99V93;
				INFOPLIST_FILE = BGSocialNetworking/Info.plist;
				IPHONEOS_DEPLOYMENT_TARGET = 10.3;
				LD_RUNPATH_SEARCH_PATHS = "$(inherited) @executable_path/Frameworks";
				PRODUCT_BUNDLE_IDENTIFIER = com.MnemosyneC2.BGSocialNetworking;
				PRODUCT_NAME = "$(TARGET_NAME)";
				SWIFT_VERSION = 3.0;
				TARGETED_DEVICE_FAMILY = "1,2";
			};
			name = Release;
		};
/* End XCBuildConfiguration section */

/* Begin XCConfigurationList section */
		6879F2821EFF686C00779566 /* Build configuration list for PBXProject "BGSocialNetworking" */ = {
			isa = XCConfigurationList;
			buildConfigurations = (
				6879F2971EFF686C00779566 /* Debug */,
				6879F2981EFF686C00779566 /* Release */,
			);
			defaultConfigurationIsVisible = 0;
			defaultConfigurationName = Release;
		};
		6879F2991EFF686C00779566 /* Build configuration list for PBXNativeTarget "BGSocialNetworking" */ = {
			isa = XCConfigurationList;
			buildConfigurations = (
				6879F29A1EFF686C00779566 /* Debug */,
				6879F29B1EFF686C00779566 /* Release */,
			);
			defaultConfigurationIsVisible = 0;
			defaultConfigurationName = Release;
		};
/* End XCConfigurationList section */
	};
	rootObject = 6879F27F1EFF686C00779566 /* Project object */;
}
