// !$*UTF8*$!
{
	archiveVersion = 1;
	classes = {
	};
	objectVersion = 46;
	objects = {

/* Begin PBXBuildFile section */
		680B9D7C1EF4AF88005B275F /* StickerPackExtension.appex in Embed App Extensions */ = {isa = PBXBuildFile; fileRef = 680B9D7B1EF4AF88005B275F /* StickerPackExtension.appex */; settings = {ATTRIBUTES = (RemoveHeadersOnCopy, ); }; };
		680B9D801EF4AF88005B275F /* Stickers.xcstickers in Resources */ = {isa = PBXBuildFile; fileRef = 680B9D7F1EF4AF88005B275F /* Stickers.xcstickers */; };
		680B9D811EF4AF88005B275F /* Stickers.xcstickers in Resources */ = {isa = PBXBuildFile; fileRef = 680B9D7F1EF4AF88005B275F /* Stickers.xcstickers */; };
/* End PBXBuildFile section */

/* Begin PBXContainerItemProxy section */
		680B9D7D1EF4AF88005B275F /* PBXContainerItemProxy */ = {
			isa = PBXContainerItemProxy;
			containerPortal = 680B9D711EF4AF87005B275F /* Project object */;
			proxyType = 1;
			remoteGlobalIDString = 680B9D7A1EF4AF88005B275F;
			remoteInfo = StickerPackExtension;
		};
/* End PBXContainerItemProxy section */

/* Begin PBXCopyFilesBuildPhase section */
		680B9D871EF4AF88005B275F /* Embed App Extensions */ = {
			isa = PBXCopyFilesBuildPhase;
			buildActionMask = 2147483647;
			dstPath = "";
			dstSubfolderSpec = 13;
			files = (
				680B9D7C1EF4AF88005B275F /* StickerPackExtension.appex in Embed App Extensions */,
			);
			name = "Embed App Extensions";
			runOnlyForDeploymentPostprocessing = 0;
		};
/* End PBXCopyFilesBuildPhase section */

/* Begin PBXFileReference section */
		680B9D771EF4AF88005B275F /* StickerPackExample.app */ = {isa = PBXFileReference; explicitFileType = wrapper.application; includeInIndex = 0; path = StickerPackExample.app; sourceTree = BUILT_PRODUCTS_DIR; };
		680B9D7B1EF4AF88005B275F /* StickerPackExtension.appex */ = {isa = PBXFileReference; explicitFileType = "wrapper.app-extension"; includeInIndex = 0; path = StickerPackExtension.appex; sourceTree = BUILT_PRODUCTS_DIR; };
		680B9D7F1EF4AF88005B275F /* Stickers.xcstickers */ = {isa = PBXFileReference; lastKnownFileType = folder.stickers; name = Stickers.xcstickers; path = StickerPackExtension/Stickers.xcstickers; sourceTree = "<group>"; };
/* End PBXFileReference section */

/* Begin PBXGroup section */
		680B9D701EF4AF87005B275F = {
			isa = PBXGroup;
			children = (
				680B9D7F1EF4AF88005B275F /* Stickers.xcstickers */,
				680B9D781EF4AF88005B275F /* Products */,
			);
			sourceTree = "<group>";
		};
		680B9D781EF4AF88005B275F /* Products */ = {
			isa = PBXGroup;
			children = (
				680B9D771EF4AF88005B275F /* StickerPackExample.app */,
				680B9D7B1EF4AF88005B275F /* StickerPackExtension.appex */,
			);
			name = Products;
			sourceTree = "<group>";
		};
/* End PBXGroup section */

/* Begin PBXNativeTarget section */
		680B9D761EF4AF87005B275F /* StickerPackExample */ = {
			isa = PBXNativeTarget;
			buildConfigurationList = 680B9D881EF4AF88005B275F /* Build configuration list for PBXNativeTarget "StickerPackExample" */;
			buildPhases = (
				680B9D751EF4AF87005B275F /* Resources */,
				680B9D871EF4AF88005B275F /* Embed App Extensions */,
			);
			buildRules = (
			);
			dependencies = (
				680B9D7E1EF4AF88005B275F /* PBXTargetDependency */,
			);
			name = StickerPackExample;
			productName = StickerPackExample;
			productReference = 680B9D771EF4AF88005B275F /* StickerPackExample.app */;
			productType = "com.apple.product-type.application.messages";
		};
		680B9D7A1EF4AF88005B275F /* StickerPackExtension */ = {
			isa = PBXNativeTarget;
			buildConfigurationList = 680B9D841EF4AF88005B275F /* Build configuration list for PBXNativeTarget "StickerPackExtension" */;
			buildPhases = (
				680B9D791EF4AF88005B275F /* Resources */,
			);
			buildRules = (
			);
			dependencies = (
			);
			name = StickerPackExtension;
			productName = StickerPackExtension;
			productReference = 680B9D7B1EF4AF88005B275F /* StickerPackExtension.appex */;
			productType = "com.apple.product-type.app-extension.messages-sticker-pack";
		};
/* End PBXNativeTarget section */

/* Begin PBXProject section */
		680B9D711EF4AF87005B275F /* Project object */ = {
			isa = PBXProject;
			attributes = {
				LastUpgradeCheck = 0830;
				ORGANIZATIONNAME = "Mnemosyne C2";
				TargetAttributes = {
					680B9D761EF4AF87005B275F = {
						CreatedOnToolsVersion = 8.3.3;
						DevelopmentTeam = 2JRSF99V93;
						ProvisioningStyle = Automatic;
					};
					680B9D7A1EF4AF88005B275F = {
						CreatedOnToolsVersion = 8.3.3;
						DevelopmentTeam = 2JRSF99V93;
						ProvisioningStyle = Automatic;
					};
				};
			};
			buildConfigurationList = 680B9D741EF4AF87005B275F /* Build configuration list for PBXProject "StickerPackExample" */;
			compatibilityVersion = "Xcode 3.2";
			developmentRegion = English;
			hasScannedForEncodings = 0;
			knownRegions = (
				en,
			);
			mainGroup = 680B9D701EF4AF87005B275F;
			productRefGroup = 680B9D781EF4AF88005B275F /* Products */;
			projectDirPath = "";
			projectRoot = "";
			targets = (
				680B9D761EF4AF87005B275F /* StickerPackExample */,
				680B9D7A1EF4AF88005B275F /* StickerPackExtension */,
			);
		};
/* End PBXProject section */

/* Begin PBXResourcesBuildPhase section */
		680B9D751EF4AF87005B275F /* Resources */ = {
			isa = PBXResourcesBuildPhase;
			buildActionMask = 2147483647;
			files = (
				680B9D811EF4AF88005B275F /* Stickers.xcstickers in Resources */,
			);
			runOnlyForDeploymentPostprocessing = 0;
		};
		680B9D791EF4AF88005B275F /* Resources */ = {
			isa = PBXResourcesBuildPhase;
			buildActionMask = 2147483647;
			files = (
				680B9D801EF4AF88005B275F /* Stickers.xcstickers in Resources */,
			);
			runOnlyForDeploymentPostprocessing = 0;
		};
/* End PBXResourcesBuildPhase section */

/* Begin PBXTargetDependency section */
		680B9D7E1EF4AF88005B275F /* PBXTargetDependency */ = {
			isa = PBXTargetDependency;
			target = 680B9D7A1EF4AF88005B275F /* StickerPackExtension */;
			targetProxy = 680B9D7D1EF4AF88005B275F /* PBXContainerItemProxy */;
		};
/* End PBXTargetDependency section */

/* Begin XCBuildConfiguration section */
		680B9D821EF4AF88005B275F /* Debug */ = {
			isa = XCBuildConfiguration;
			buildSettings = {
				ALWAYS_SEARCH_USER_PATHS = NO;
				CLANG_ANALYZER_NONNULL = YES;
				CLANG_ANALYZER_NUMBER_OBJECT_CONVERSION = YES_AGGRESSIVE;
				CLANG_CXX_LANGUAGE_STANDARD = "gnu++0x";
				CLANG_CXX_LIBRARY = "libc++";
				CLANG_ENABLE_MODULES = YES;
				CLANG_ENABLE_OBJC_ARC = YES;
				CLANG_WARN_BOOL_CONVERSION = YES;
				CLANG_WARN_CONSTANT_CONVERSION = YES;
				CLANG_WARN_DIRECT_OBJC_ISA_USAGE = YES_ERROR;
				CLANG_WARN_DOCUMENTATION_COMMENTS = YES;
				CLANG_WARN_EMPTY_BODY = YES;
				CLANG_WARN_ENUM_CONVERSION = YES;
				CLANG_WARN_INFINITE_RECURSION = YES;
				CLANG_WARN_INT_CONVERSION = YES;
				CLANG_WARN_OBJC_ROOT_CLASS = YES_ERROR;
				CLANG_WARN_SUSPICIOUS_MOVE = YES;
				CLANG_WARN_UNREACHABLE_CODE = YES;
				CLANG_WARN__DUPLICATE_METHOD_MATCH = YES;
				"CODE_SIGN_IDENTITY[sdk=iphoneos*]" = "iPhone Developer";
				COPY_PHASE_STRIP = NO;
				DEBUG_INFORMATION_FORMAT = dwarf;
				ENABLE_STRICT_OBJC_MSGSEND = YES;
				ENABLE_TESTABILITY = YES;
				GCC_C_LANGUAGE_STANDARD = gnu99;
				GCC_DYNAMIC_NO_PIC = NO;
				GCC_NO_COMMON_BLOCKS = YES;
				GCC_OPTIMIZATION_LEVEL = 0;
				GCC_PREPROCESSOR_DEFINITIONS = (
					"DEBUG=1",
					"$(inherited)",
				);
				GCC_WARN_64_TO_32_BIT_CONVERSION = YES;
				GCC_WARN_ABOUT_RETURN_TYPE = YES_ERROR;
				GCC_WARN_UNDECLARED_SELECTOR = YES;
				GCC_WARN_UNINITIALIZED_AUTOS = YES_AGGRESSIVE;
				GCC_WARN_UNUSED_FUNCTION = YES;
				GCC_WARN_UNUSED_VARIABLE = YES;
				IPHONEOS_DEPLOYMENT_TARGET = 10.3;
				MTL_ENABLE_DEBUG_INFO = YES;
				ONLY_ACTIVE_ARCH = YES;
				SDKROOT = iphoneos;
				TARGETED_DEVICE_FAMILY = "1,2";
			};
			name = Debug;
		};
		680B9D831EF4AF88005B275F /* Release */ = {
			isa = XCBuildConfiguration;
			buildSettings = {
				ALWAYS_SEARCH_USER_PATHS = NO;
				CLANG_ANALYZER_NONNULL = YES;
				CLANG_ANALYZER_NUMBER_OBJECT_CONVERSION = YES_AGGRESSIVE;
				CLANG_CXX_LANGUAGE_STANDARD = "gnu++0x";
				CLANG_CXX_LIBRARY = "libc++";
				CLANG_ENABLE_MODULES = YES;
				CLANG_ENABLE_OBJC_ARC = YES;
				CLANG_WARN_BOOL_CONVERSION = YES;
				CLANG_WARN_CONSTANT_CONVERSION = YES;
				CLANG_WARN_DIRECT_OBJC_ISA_USAGE = YES_ERROR;
				CLANG_WARN_DOCUMENTATION_COMMENTS = YES;
				CLANG_WARN_EMPTY_BODY = YES;
				CLANG_WARN_ENUM_CONVERSION = YES;
				CLANG_WARN_INFINITE_RECURSION = YES;
				CLANG_WARN_INT_CONVERSION = YES;
				CLANG_WARN_OBJC_ROOT_CLASS = YES_ERROR;
				CLANG_WARN_SUSPICIOUS_MOVE = YES;
				CLANG_WARN_UNREACHABLE_CODE = YES;
				CLANG_WARN__DUPLICATE_METHOD_MATCH = YES;
				"CODE_SIGN_IDENTITY[sdk=iphoneos*]" = "iPhone Developer";
				COPY_PHASE_STRIP = NO;
				DEBUG_INFORMATION_FORMAT = "dwarf-with-dsym";
				ENABLE_NS_ASSERTIONS = NO;
				ENABLE_STRICT_OBJC_MSGSEND = YES;
				GCC_C_LANGUAGE_STANDARD = gnu99;
				GCC_NO_COMMON_BLOCKS = YES;
				GCC_WARN_64_TO_32_BIT_CONVERSION = YES;
				GCC_WARN_ABOUT_RETURN_TYPE = YES_ERROR;
				GCC_WARN_UNDECLARED_SELECTOR = YES;
				GCC_WARN_UNINITIALIZED_AUTOS = YES_AGGRESSIVE;
				GCC_WARN_UNUSED_FUNCTION = YES;
				GCC_WARN_UNUSED_VARIABLE = YES;
				IPHONEOS_DEPLOYMENT_TARGET = 10.3;
				MTL_ENABLE_DEBUG_INFO = NO;
				SDKROOT = iphoneos;
				TARGETED_DEVICE_FAMILY = "1,2";
				VALIDATE_PRODUCT = YES;
			};
			name = Release;
		};
		680B9D851EF4AF88005B275F /* Debug */ = {
			isa = XCBuildConfiguration;
			buildSettings = {
				ASSETCATALOG_COMPILER_APPICON_NAME = "iMessage App Icon";
				DEVELOPMENT_TEAM = 2JRSF99V93;
				INFOPLIST_FILE = StickerPackExtension/Info.plist;
				PRODUCT_BUNDLE_IDENTIFIER = com.MnemosyneC2.StickerPackExample.StickerPackExtension;
				PRODUCT_NAME = "$(TARGET_NAME)";
				SKIP_INSTALL = YES;
			};
			name = Debug;
		};
		680B9D861EF4AF88005B275F /* Release */ = {
			isa = XCBuildConfiguration;
			buildSettings = {
				ASSETCATALOG_COMPILER_APPICON_NAME = "iMessage App Icon";
				DEVELOPMENT_TEAM = 2JRSF99V93;
				INFOPLIST_FILE = StickerPackExtension/Info.plist;
				PRODUCT_BUNDLE_IDENTIFIER = com.MnemosyneC2.StickerPackExample.StickerPackExtension;
				PRODUCT_NAME = "$(TARGET_NAME)";
				SKIP_INSTALL = YES;
			};
			name = Release;
		};
		680B9D891EF4AF88005B275F /* Debug */ = {
			isa = XCBuildConfiguration;
			buildSettings = {
				ASSETCATALOG_COMPILER_APPICON_NAME = "iMessage App Icon";
				DEVELOPMENT_TEAM = 2JRSF99V93;
				INFOPLIST_FILE = StickerPackExample/Info.plist;
				PRODUCT_BUNDLE_IDENTIFIER = com.MnemosyneC2.StickerPackExample;
				PRODUCT_NAME = "$(TARGET_NAME)";
			};
			name = Debug;
		};
		680B9D8A1EF4AF88005B275F /* Release */ = {
			isa = XCBuildConfiguration;
			buildSettings = {
				ASSETCATALOG_COMPILER_APPICON_NAME = "iMessage App Icon";
				DEVELOPMENT_TEAM = 2JRSF99V93;
				INFOPLIST_FILE = StickerPackExample/Info.plist;
				PRODUCT_BUNDLE_IDENTIFIER = com.MnemosyneC2.StickerPackExample;
				PRODUCT_NAME = "$(TARGET_NAME)";
			};
			name = Release;
		};
/* End XCBuildConfiguration section */

/* Begin XCConfigurationList section */
		680B9D741EF4AF87005B275F /* Build configuration list for PBXProject "StickerPackExample" */ = {
			isa = XCConfigurationList;
			buildConfigurations = (
				680B9D821EF4AF88005B275F /* Debug */,
				680B9D831EF4AF88005B275F /* Release */,
			);
			defaultConfigurationIsVisible = 0;
			defaultConfigurationName = Release;
		};
		680B9D841EF4AF88005B275F /* Build configuration list for PBXNativeTarget "StickerPackExtension" */ = {
			isa = XCConfigurationList;
			buildConfigurations = (
				680B9D851EF4AF88005B275F /* Debug */,
				680B9D861EF4AF88005B275F /* Release */,
			);
			defaultConfigurationIsVisible = 0;
		};
		680B9D881EF4AF88005B275F /* Build configuration list for PBXNativeTarget "StickerPackExample" */ = {
			isa = XCConfigurationList;
			buildConfigurations = (
				680B9D891EF4AF88005B275F /* Debug */,
				680B9D8A1EF4AF88005B275F /* Release */,
			);
			defaultConfigurationIsVisible = 0;
		};
/* End XCConfigurationList section */
	};
	rootObject = 680B9D711EF4AF87005B275F /* Project object */;
}
