// !$*UTF8*$!
{
	archiveVersion = 1;
	classes = {
	};
	objectVersion = 46;
	objects = {

/* Begin PBXBuildFile section */
		681475C81ED0D20C00D02F3A /* Launch Screen.storyboard in Resources */ = {isa = PBXBuildFile; fileRef = 681475C71ED0D20C00D02F3A /* Launch Screen.storyboard */; };
		68BD71BE1ECB94A000C7B40C /* AppDelegate.swift in Sources */ = {isa = PBXBuildFile; fileRef = 68BD71BD1ECB94A000C7B40C /* AppDelegate.swift */; };
		68BD71C01ECB94A000C7B40C /* ViewController.swift in Sources */ = {isa = PBXBuildFile; fileRef = 68BD71BF1ECB94A000C7B40C /* ViewController.swift */; };
		68BD71C31ECB94A000C7B40C /* Main.storyboard in Resources */ = {isa = PBXBuildFile; fileRef = 68BD71C11ECB94A000C7B40C /* Main.storyboard */; };
		68BD71C51ECB94A000C7B40C /* Assets.xcassets in Resources */ = {isa = PBXBuildFile; fileRef = 68BD71C41ECB94A000C7B40C /* Assets.xcassets */; };
		68EF54B51ECCFA3B00878A7B /* Minecraft.ttf in Resources */ = {isa = PBXBuildFile; fileRef = 68EF54B41ECCFA3B00878A7B /* Minecraft.ttf */; };
		68EF54B71ECCFC6B00878A7B /* btn.wav in Resources */ = {isa = PBXBuildFile; fileRef = 68EF54B61ECCFC6B00878A7B /* btn.wav */; };
/* End PBXBuildFile section */

/* Begin PBXFileReference section */
		681475C71ED0D20C00D02F3A /* Launch Screen.storyboard */ = {isa = PBXFileReference; fileEncoding = 4; lastKnownFileType = file.storyboard; path = "Launch Screen.storyboard"; sourceTree = "<group>"; };
		68BD71BA1ECB94A000C7B40C /* RetroCalculator.app */ = {isa = PBXFileReference; explicitFileType = wrapper.application; includeInIndex = 0; path = RetroCalculator.app; sourceTree = BUILT_PRODUCTS_DIR; };
		68BD71BD1ECB94A000C7B40C /* AppDelegate.swift */ = {isa = PBXFileReference; lastKnownFileType = sourcecode.swift; path = AppDelegate.swift; sourceTree = "<group>"; };
		68BD71BF1ECB94A000C7B40C /* ViewController.swift */ = {isa = PBXFileReference; lastKnownFileType = sourcecode.swift; path = ViewController.swift; sourceTree = "<group>"; };
		68BD71C21ECB94A000C7B40C /* Base */ = {isa = PBXFileReference; lastKnownFileType = file.storyboard; name = Base; path = Base.lproj/Main.storyboard; sourceTree = "<group>"; };
		68BD71C41ECB94A000C7B40C /* Assets.xcassets */ = {isa = PBXFileReference; lastKnownFileType = folder.assetcatalog; path = Assets.xcassets; sourceTree = "<group>"; };
		68BD71C91ECB94A000C7B40C /* Info.plist */ = {isa = PBXFileReference; lastKnownFileType = text.plist.xml; path = Info.plist; sourceTree = "<group>"; };
		68EF54B41ECCFA3B00878A7B /* Minecraft.ttf */ = {isa = PBXFileReference; lastKnownFileType = file; path = Minecraft.ttf; sourceTree = "<group>"; };
		68EF54B61ECCFC6B00878A7B /* btn.wav */ = {isa = PBXFileReference; lastKnownFileType = audio.wav; path = btn.wav; sourceTree = "<group>"; };
/* End PBXFileReference section */

/* Begin PBXFrameworksBuildPhase section */
		68BD71B71ECB94A000C7B40C /* Frameworks */ = {
			isa = PBXFrameworksBuildPhase;
			buildActionMask = 2147483647;
			files = (
			);
			runOnlyForDeploymentPostprocessing = 0;
		};
/* End PBXFrameworksBuildPhase section */

/* Begin PBXGroup section */
		68BD71B11ECB94A000C7B40C = {
			isa = PBXGroup;
			children = (
				68BD71BC1ECB94A000C7B40C /* RetroCalculator */,
				68BD71BB1ECB94A000C7B40C /* Products */,
			);
			sourceTree = "<group>";
		};
		68BD71BB1ECB94A000C7B40C /* Products */ = {
			isa = PBXGroup;
			children = (
				68BD71BA1ECB94A000C7B40C /* RetroCalculator.app */,
			);
			name = Products;
			sourceTree = "<group>";
		};
		68BD71BC1ECB94A000C7B40C /* RetroCalculator */ = {
			isa = PBXGroup;
			children = (
				68BD71BD1ECB94A000C7B40C /* AppDelegate.swift */,
				68BD71BF1ECB94A000C7B40C /* ViewController.swift */,
				68BD71C11ECB94A000C7B40C /* Main.storyboard */,
				681475C71ED0D20C00D02F3A /* Launch Screen.storyboard */,
				68BD71C41ECB94A000C7B40C /* Assets.xcassets */,
				68EF54B41ECCFA3B00878A7B /* Minecraft.ttf */,
				68EF54B61ECCFC6B00878A7B /* btn.wav */,
				68BD71C91ECB94A000C7B40C /* Info.plist */,
			);
			path = RetroCalculator;
			sourceTree = "<group>";
		};
/* End PBXGroup section */

/* Begin PBXNativeTarget section */
		68BD71B91ECB94A000C7B40C /* RetroCalculator */ = {
			isa = PBXNativeTarget;
			buildConfigurationList = 68BD71CC1ECB94A000C7B40C /* Build configuration list for PBXNativeTarget "RetroCalculator" */;
			buildPhases = (
				68BD71B61ECB94A000C7B40C /* Sources */,
				68BD71B71ECB94A000C7B40C /* Frameworks */,
				68BD71B81ECB94A000C7B40C /* Resources */,
			);
			buildRules = (
			);
			dependencies = (
			);
			name = RetroCalculator;
			productName = RetroCalculator;
			productReference = 68BD71BA1ECB94A000C7B40C /* RetroCalculator.app */;
			productType = "com.apple.product-type.application";
		};
/* End PBXNativeTarget section */

/* Begin PBXProject section */
		68BD71B21ECB94A000C7B40C /* Project object */ = {
			isa = PBXProject;
			attributes = {
				LastSwiftUpdateCheck = 0830;
				LastUpgradeCheck = 0830;
				ORGANIZATIONNAME = "Mnemosyne C2";
				TargetAttributes = {
					68BD71B91ECB94A000C7B40C = {
						CreatedOnToolsVersion = 8.3.2;
						DevelopmentTeam = 2JRSF99V93;
						ProvisioningStyle = Automatic;
					};
				};
			};
			buildConfigurationList = 68BD71B51ECB94A000C7B40C /* Build configuration list for PBXProject "RetroCalculator" */;
			compatibilityVersion = "Xcode 3.2";
			developmentRegion = English;
			hasScannedForEncodings = 0;
			knownRegions = (
				en,
				Base,
			);
			mainGroup = 68BD71B11ECB94A000C7B40C;
			productRefGroup = 68BD71BB1ECB94A000C7B40C /* Products */;
			projectDirPath = "";
			projectRoot = "";
			targets = (
				68BD71B91ECB94A000C7B40C /* RetroCalculator */,
			);
		};
/* End PBXProject section */

/* Begin PBXResourcesBuildPhase section */
		68BD71B81ECB94A000C7B40C /* Resources */ = {
			isa = PBXResourcesBuildPhase;
			buildActionMask = 2147483647;
			files = (
				68EF54B71ECCFC6B00878A7B /* btn.wav in Resources */,
				68BD71C51ECB94A000C7B40C /* Assets.xcassets in Resources */,
				68EF54B51ECCFA3B00878A7B /* Minecraft.ttf in Resources */,
				681475C81ED0D20C00D02F3A /* Launch Screen.storyboard in Resources */,
				68BD71C31ECB94A000C7B40C /* Main.storyboard in Resources */,
			);
			runOnlyForDeploymentPostprocessing = 0;
		};
/* End PBXResourcesBuildPhase section */

/* Begin PBXSourcesBuildPhase section */
		68BD71B61ECB94A000C7B40C /* Sources */ = {
			isa = PBXSourcesBuildPhase;
			buildActionMask = 2147483647;
			files = (
				68BD71C01ECB94A000C7B40C /* ViewController.swift in Sources */,
				68BD71BE1ECB94A000C7B40C /* AppDelegate.swift in Sources */,
			);
			runOnlyForDeploymentPostprocessing = 0;
		};
/* End PBXSourcesBuildPhase section */

/* Begin PBXVariantGroup section */
		68BD71C11ECB94A000C7B40C /* Main.storyboard */ = {
			isa = PBXVariantGroup;
			children = (
				68BD71C21ECB94A000C7B40C /* Base */,
			);
			name = Main.storyboard;
			sourceTree = "<group>";
		};
/* End PBXVariantGroup section */

/* Begin XCBuildConfiguration section */
		68BD71CA1ECB94A000C7B40C /* Debug */ = {
			isa = XCBuildConfiguration;
			buildSettings = {
				ALWAYS_SEARCH_USER_PATHS = NO;
				CLANG_ANALYZER_NONNULL = YES;
				CLANG_ANALYZER_NUMBER_OBJECT_CONVERSION = YES_AGGRESSIVE;
				CLANG_CXX_LANGUAGE_STANDARD = "gnu++0x";
				CLANG_CXX_LIBRARY = "libc++";
				CLANG_ENABLE_MODULES = YES;
				CLANG_ENABLE_OBJC_ARC = YES;
				CLANG_WARN_BOOL_CONVERSION = YES;
				CLANG_WARN_CONSTANT_CONVERSION = YES;
				CLANG_WARN_DIRECT_OBJC_ISA_USAGE = YES_ERROR;
				CLANG_WARN_DOCUMENTATION_COMMENTS = YES;
				CLANG_WARN_EMPTY_BODY = YES;
				CLANG_WARN_ENUM_CONVERSION = YES;
				CLANG_WARN_INFINITE_RECURSION = YES;
				CLANG_WARN_INT_CONVERSION = YES;
				CLANG_WARN_OBJC_ROOT_CLASS = YES_ERROR;
				CLANG_WARN_SUSPICIOUS_MOVE = YES;
				CLANG_WARN_UNREACHABLE_CODE = YES;
				CLANG_WARN__DUPLICATE_METHOD_MATCH = YES;
				"CODE_SIGN_IDENTITY[sdk=iphoneos*]" = "iPhone Developer";
				COPY_PHASE_STRIP = NO;
				DEBUG_INFORMATION_FORMAT = dwarf;
				ENABLE_STRICT_OBJC_MSGSEND = YES;
				ENABLE_TESTABILITY = YES;
				GCC_C_LANGUAGE_STANDARD = gnu99;
				GCC_DYNAMIC_NO_PIC = NO;
				GCC_NO_COMMON_BLOCKS = YES;
				GCC_OPTIMIZATION_LEVEL = 0;
				GCC_PREPROCESSOR_DEFINITIONS = (
					"DEBUG=1",
					"$(inherited)",
				);
				GCC_WARN_64_TO_32_BIT_CONVERSION = YES;
				GCC_WARN_ABOUT_RETURN_TYPE = YES_ERROR;
				GCC_WARN_UNDECLARED_SELECTOR = YES;
				GCC_WARN_UNINITIALIZED_AUTOS = YES_AGGRESSIVE;
				GCC_WARN_UNUSED_FUNCTION = YES;
				GCC_WARN_UNUSED_VARIABLE = YES;
				IPHONEOS_DEPLOYMENT_TARGET = 10.3;
				MTL_ENABLE_DEBUG_INFO = YES;
				ONLY_ACTIVE_ARCH = YES;
				SDKROOT = iphoneos;
				SWIFT_ACTIVE_COMPILATION_CONDITIONS = DEBUG;
				SWIFT_OPTIMIZATION_LEVEL = "-Onone";
				TARGETED_DEVICE_FAMILY = "1,2";
			};
			name = Debug;
		};
		68BD71CB1ECB94A000C7B40C /* Release */ = {
			isa = XCBuildConfiguration;
			buildSettings = {
				ALWAYS_SEARCH_USER_PATHS = NO;
				CLANG_ANALYZER_NONNULL = YES;
				CLANG_ANALYZER_NUMBER_OBJECT_CONVERSION = YES_AGGRESSIVE;
				CLANG_CXX_LANGUAGE_STANDARD = "gnu++0x";
				CLANG_CXX_LIBRARY = "libc++";
				CLANG_ENABLE_MODULES = YES;
				CLANG_ENABLE_OBJC_ARC = YES;
				CLANG_WARN_BOOL_CONVERSION = YES;
				CLANG_WARN_CONSTANT_CONVERSION = YES;
				CLANG_WARN_DIRECT_OBJC_ISA_USAGE = YES_ERROR;
				CLANG_WARN_DOCUMENTATION_COMMENTS = YES;
				CLANG_WARN_EMPTY_BODY = YES;
				CLANG_WARN_ENUM_CONVERSION = YES;
				CLANG_WARN_INFINITE_RECURSION = YES;
				CLANG_WARN_INT_CONVERSION = YES;
				CLANG_WARN_OBJC_ROOT_CLASS = YES_ERROR;
				CLANG_WARN_SUSPICIOUS_MOVE = YES;
				CLANG_WARN_UNREACHABLE_CODE = YES;
				CLANG_WARN__DUPLICATE_METHOD_MATCH = YES;
				"CODE_SIGN_IDENTITY[sdk=iphoneos*]" = "iPhone Developer";
				COPY_PHASE_STRIP = NO;
				DEBUG_INFORMATION_FORMAT = "dwarf-with-dsym";
				ENABLE_NS_ASSERTIONS = NO;
				ENABLE_STRICT_OBJC_MSGSEND = YES;
				GCC_C_LANGUAGE_STANDARD = gnu99;
				GCC_NO_COMMON_BLOCKS = YES;
				GCC_WARN_64_TO_32_BIT_CONVERSION = YES;
				GCC_WARN_ABOUT_RETURN_TYPE = YES_ERROR;
				GCC_WARN_UNDECLARED_SELECTOR = YES;
				GCC_WARN_UNINITIALIZED_AUTOS = YES_AGGRESSIVE;
				GCC_WARN_UNUSED_FUNCTION = YES;
				GCC_WARN_UNUSED_VARIABLE = YES;
				IPHONEOS_DEPLOYMENT_TARGET = 10.3;
				MTL_ENABLE_DEBUG_INFO = NO;
				SDKROOT = iphoneos;
				SWIFT_OPTIMIZATION_LEVEL = "-Owholemodule";
				TARGETED_DEVICE_FAMILY = "1,2";
				VALIDATE_PRODUCT = YES;
			};
			name = Release;
		};
		68BD71CD1ECB94A000C7B40C /* Debug */ = {
			isa = XCBuildConfiguration;
			buildSettings = {
				ASSETCATALOG_COMPILER_APPICON_NAME = AppIcon;
				DEVELOPMENT_TEAM = 2JRSF99V93;
				INFOPLIST_FILE = RetroCalculator/Info.plist;
				LD_RUNPATH_SEARCH_PATHS = "$(inherited) @executable_path/Frameworks";
				PRODUCT_BUNDLE_IDENTIFIER = com.MnemosyneC2.RetroCalculator;
				PRODUCT_NAME = "$(TARGET_NAME)";
				SWIFT_VERSION = 3.0;
			};
			name = Debug;
		};
		68BD71CE1ECB94A000C7B40C /* Release */ = {
			isa = XCBuildConfiguration;
			buildSettings = {
				ASSETCATALOG_COMPILER_APPICON_NAME = AppIcon;
				DEVELOPMENT_TEAM = 2JRSF99V93;
				INFOPLIST_FILE = RetroCalculator/Info.plist;
				LD_RUNPATH_SEARCH_PATHS = "$(inherited) @executable_path/Frameworks";
				PRODUCT_BUNDLE_IDENTIFIER = com.MnemosyneC2.RetroCalculator;
				PRODUCT_NAME = "$(TARGET_NAME)";
				SWIFT_VERSION = 3.0;
			};
			name = Release;
		};
/* End XCBuildConfiguration section */

/* Begin XCConfigurationList section */
		68BD71B51ECB94A000C7B40C /* Build configuration list for PBXProject "RetroCalculator" */ = {
			isa = XCConfigurationList;
			buildConfigurations = (
				68BD71CA1ECB94A000C7B40C /* Debug */,
				68BD71CB1ECB94A000C7B40C /* Release */,
			);
			defaultConfigurationIsVisible = 0;
			defaultConfigurationName = Release;
		};
		68BD71CC1ECB94A000C7B40C /* Build configuration list for PBXNativeTarget "RetroCalculator" */ = {
			isa = XCConfigurationList;
			buildConfigurations = (
				68BD71CD1ECB94A000C7B40C /* Debug */,
				68BD71CE1ECB94A000C7B40C /* Release */,
			);
			defaultConfigurationIsVisible = 0;
			defaultConfigurationName = Release;
		};
/* End XCConfigurationList section */
	};
	rootObject = 68BD71B21ECB94A000C7B40C /* Project object */;
}
