// !$*UTF8*$!
{
	archiveVersion = 1;
	classes = {
	};
	objectVersion = 46;
	objects = {

/* Begin PBXBuildFile section */
		61C94476A46F03A2CB0DFBB0 /* Pods_PushMyNotification.framework in Frameworks */ = {isa = PBXBuildFile; fileRef = 006B455D435A36DCC0E18B7F /* Pods_PushMyNotification.framework */; };
		68EDD26E1EFCAF95002D1CB0 /* GoogleService-Info.plist in Resources */ = {isa = PBXBuildFile; fileRef = 68EDD26D1EFCAF95002D1CB0 /* GoogleService-Info.plist */; };
		68F589C61EFB611A00D65445 /* AppDelegate.swift in Sources */ = {isa = PBXBuildFile; fileRef = 68F589C51EFB611A00D65445 /* AppDelegate.swift */; };
		68F589C81EFB611A00D65445 /* ViewController.swift in Sources */ = {isa = PBXBuildFile; fileRef = 68F589C71EFB611A00D65445 /* ViewController.swift */; };
		68F589CB1EFB611A00D65445 /* Main.storyboard in Resources */ = {isa = PBXBuildFile; fileRef = 68F589C91EFB611A00D65445 /* Main.storyboard */; };
		68F589CD1EFB611A00D65445 /* Assets.xcassets in Resources */ = {isa = PBXBuildFile; fileRef = 68F589CC1EFB611A00D65445 /* Assets.xcassets */; };
		68F589D01EFB611A00D65445 /* LaunchScreen.storyboard in Resources */ = {isa = PBXBuildFile; fileRef = 68F589CE1EFB611A00D65445 /* LaunchScreen.storyboard */; };
/* End PBXBuildFile section */

/* Begin PBXFileReference section */
		006B455D435A36DCC0E18B7F /* Pods_PushMyNotification.framework */ = {isa = PBXFileReference; explicitFileType = wrapper.framework; includeInIndex = 0; path = Pods_PushMyNotification.framework; sourceTree = BUILT_PRODUCTS_DIR; };
		3C1C6CEA6233A6E803130366 /* Pods-PushMyNotification.debug.xcconfig */ = {isa = PBXFileReference; includeInIndex = 1; lastKnownFileType = text.xcconfig; name = "Pods-PushMyNotification.debug.xcconfig"; path = "Pods/Target Support Files/Pods-PushMyNotification/Pods-PushMyNotification.debug.xcconfig"; sourceTree = "<group>"; };
		68EDD26D1EFCAF95002D1CB0 /* GoogleService-Info.plist */ = {isa = PBXFileReference; fileEncoding = 4; lastKnownFileType = text.plist.xml; path = "GoogleService-Info.plist"; sourceTree = "<group>"; };
		68EDD26F1EFCB073002D1CB0 /* PushMyNotification.entitlements */ = {isa = PBXFileReference; lastKnownFileType = text.plist.entitlements; path = PushMyNotification.entitlements; sourceTree = "<group>"; };
		68F589C21EFB611A00D65445 /* PushMyNotification.app */ = {isa = PBXFileReference; explicitFileType = wrapper.application; includeInIndex = 0; path = PushMyNotification.app; sourceTree = BUILT_PRODUCTS_DIR; };
		68F589C51EFB611A00D65445 /* AppDelegate.swift */ = {isa = PBXFileReference; lastKnownFileType = sourcecode.swift; path = AppDelegate.swift; sourceTree = "<group>"; };
		68F589C71EFB611A00D65445 /* ViewController.swift */ = {isa = PBXFileReference; lastKnownFileType = sourcecode.swift; path = ViewController.swift; sourceTree = "<group>"; };
		68F589CA1EFB611A00D65445 /* Base */ = {isa = PBXFileReference; lastKnownFileType = file.storyboard; name = Base; path = Base.lproj/Main.storyboard; sourceTree = "<group>"; };
		68F589CC1EFB611A00D65445 /* Assets.xcassets */ = {isa = PBXFileReference; lastKnownFileType = folder.assetcatalog; path = Assets.xcassets; sourceTree = "<group>"; };
		68F589CF1EFB611A00D65445 /* Base */ = {isa = PBXFileReference; lastKnownFileType = file.storyboard; name = Base; path = Base.lproj/LaunchScreen.storyboard; sourceTree = "<group>"; };
		68F589D11EFB611A00D65445 /* Info.plist */ = {isa = PBXFileReference; lastKnownFileType = text.plist.xml; path = Info.plist; sourceTree = "<group>"; };
		6BB41899F9C69090D81E3A54 /* Pods-PushMyNotification.release.xcconfig */ = {isa = PBXFileReference; includeInIndex = 1; lastKnownFileType = text.xcconfig; name = "Pods-PushMyNotification.release.xcconfig"; path = "Pods/Target Support Files/Pods-PushMyNotification/Pods-PushMyNotification.release.xcconfig"; sourceTree = "<group>"; };
/* End PBXFileReference section */

/* Begin PBXFrameworksBuildPhase section */
		68F589BF1EFB611A00D65445 /* Frameworks */ = {
			isa = PBXFrameworksBuildPhase;
			buildActionMask = 2147483647;
			files = (
				61C94476A46F03A2CB0DFBB0 /* Pods_PushMyNotification.framework in Frameworks */,
			);
			runOnlyForDeploymentPostprocessing = 0;
		};
/* End PBXFrameworksBuildPhase section */

/* Begin PBXGroup section */
		68F589B91EFB611A00D65445 = {
			isa = PBXGroup;
			children = (
				68F589C41EFB611A00D65445 /* PushMyNotification */,
				68F589C31EFB611A00D65445 /* Products */,
				C854B60DA0DB99E0091BCF1E /* Pods */,
				7820F2A6DE1BC9F3444F7FD3 /* Frameworks */,
			);
			sourceTree = "<group>";
		};
		68F589C31EFB611A00D65445 /* Products */ = {
			isa = PBXGroup;
			children = (
				68F589C21EFB611A00D65445 /* PushMyNotification.app */,
			);
			name = Products;
			sourceTree = "<group>";
		};
		68F589C41EFB611A00D65445 /* PushMyNotification */ = {
			isa = PBXGroup;
			children = (
				68EDD26F1EFCB073002D1CB0 /* PushMyNotification.entitlements */,
				68EDD26D1EFCAF95002D1CB0 /* GoogleService-Info.plist */,
				68F589C51EFB611A00D65445 /* AppDelegate.swift */,
				68F589C71EFB611A00D65445 /* ViewController.swift */,
				68F589C91EFB611A00D65445 /* Main.storyboard */,
				68F589CC1EFB611A00D65445 /* Assets.xcassets */,
				68F589CE1EFB611A00D65445 /* LaunchScreen.storyboard */,
				68F589D11EFB611A00D65445 /* Info.plist */,
			);
			path = PushMyNotification;
			sourceTree = "<group>";
		};
		7820F2A6DE1BC9F3444F7FD3 /* Frameworks */ = {
			isa = PBXGroup;
			children = (
				006B455D435A36DCC0E18B7F /* Pods_PushMyNotification.framework */,
			);
			name = Frameworks;
			sourceTree = "<group>";
		};
		C854B60DA0DB99E0091BCF1E /* Pods */ = {
			isa = PBXGroup;
			children = (
				3C1C6CEA6233A6E803130366 /* Pods-PushMyNotification.debug.xcconfig */,
				6BB41899F9C69090D81E3A54 /* Pods-PushMyNotification.release.xcconfig */,
			);
			name = Pods;
			sourceTree = "<group>";
		};
/* End PBXGroup section */

/* Begin PBXNativeTarget section */
		68F589C11EFB611A00D65445 /* PushMyNotification */ = {
			isa = PBXNativeTarget;
			buildConfigurationList = 68F589D41EFB611A00D65445 /* Build configuration list for PBXNativeTarget "PushMyNotification" */;
			buildPhases = (
				546E97CD3343625C7453FD47 /* [CP] Check Pods Manifest.lock */,
				68F589BE1EFB611A00D65445 /* Sources */,
				68F589BF1EFB611A00D65445 /* Frameworks */,
				68F589C01EFB611A00D65445 /* Resources */,
				625AF0F46C8231B9F60473BE /* [CP] Embed Pods Frameworks */,
				83284EBC534EF3E4ED9DB6AC /* [CP] Copy Pods Resources */,
			);
			buildRules = (
			);
			dependencies = (
			);
			name = PushMyNotification;
			productName = PushMyNotification;
			productReference = 68F589C21EFB611A00D65445 /* PushMyNotification.app */;
			productType = "com.apple.product-type.application";
		};
/* End PBXNativeTarget section */

/* Begin PBXProject section */
		68F589BA1EFB611A00D65445 /* Project object */ = {
			isa = PBXProject;
			attributes = {
				LastSwiftUpdateCheck = 0830;
				LastUpgradeCheck = 0830;
				ORGANIZATIONNAME = "Mnemosyne C2";
				TargetAttributes = {
					68F589C11EFB611A00D65445 = {
						CreatedOnToolsVersion = 8.3.3;
						DevelopmentTeam = 4RVR26XK98;
						ProvisioningStyle = Automatic;
						SystemCapabilities = {
							com.apple.Push = {
								enabled = 1;
							};
						};
					};
				};
			};
			buildConfigurationList = 68F589BD1EFB611A00D65445 /* Build configuration list for PBXProject "PushMyNotification" */;
			compatibilityVersion = "Xcode 3.2";
			developmentRegion = English;
			hasScannedForEncodings = 0;
			knownRegions = (
				en,
				Base,
			);
			mainGroup = 68F589B91EFB611A00D65445;
			productRefGroup = 68F589C31EFB611A00D65445 /* Products */;
			projectDirPath = "";
			projectRoot = "";
			targets = (
				68F589C11EFB611A00D65445 /* PushMyNotification */,
			);
		};
/* End PBXProject section */

/* Begin PBXResourcesBuildPhase section */
		68F589C01EFB611A00D65445 /* Resources */ = {
			isa = PBXResourcesBuildPhase;
			buildActionMask = 2147483647;
			files = (
				68F589D01EFB611A00D65445 /* LaunchScreen.storyboard in Resources */,
				68EDD26E1EFCAF95002D1CB0 /* GoogleService-Info.plist in Resources */,
				68F589CD1EFB611A00D65445 /* Assets.xcassets in Resources */,
				68F589CB1EFB611A00D65445 /* Main.storyboard in Resources */,
			);
			runOnlyForDeploymentPostprocessing = 0;
		};
/* End PBXResourcesBuildPhase section */

/* Begin PBXShellScriptBuildPhase section */
		546E97CD3343625C7453FD47 /* [CP] Check Pods Manifest.lock */ = {
			isa = PBXShellScriptBuildPhase;
			buildActionMask = 2147483647;
			files = (
			);
			inputPaths = (
			);
			name = "[CP] Check Pods Manifest.lock";
			outputPaths = (
			);
			runOnlyForDeploymentPostprocessing = 0;
			shellPath = /bin/sh;
			shellScript = "diff \"${PODS_PODFILE_DIR_PATH}/Podfile.lock\" \"${PODS_ROOT}/Manifest.lock\" > /dev/null\nif [ $? != 0 ] ; then\n    # print error to STDERR\n    echo \"error: The sandbox is not in sync with the Podfile.lock. Run 'pod install' or update your CocoaPods installation.\" >&2\n    exit 1\nfi\n";
			showEnvVarsInLog = 0;
		};
		625AF0F46C8231B9F60473BE /* [CP] Embed Pods Frameworks */ = {
			isa = PBXShellScriptBuildPhase;
			buildActionMask = 2147483647;
			files = (
			);
			inputPaths = (
			);
			name = "[CP] Embed Pods Frameworks";
			outputPaths = (
			);
			runOnlyForDeploymentPostprocessing = 0;
			shellPath = /bin/sh;
			shellScript = "\"${SRCROOT}/Pods/Target Support Files/Pods-PushMyNotification/Pods-PushMyNotification-frameworks.sh\"\n";
			showEnvVarsInLog = 0;
		};
		83284EBC534EF3E4ED9DB6AC /* [CP] Copy Pods Resources */ = {
			isa = PBXShellScriptBuildPhase;
			buildActionMask = 2147483647;
			files = (
			);
			inputPaths = (
			);
			name = "[CP] Copy Pods Resources";
			outputPaths = (
			);
			runOnlyForDeploymentPostprocessing = 0;
			shellPath = /bin/sh;
			shellScript = "\"${SRCROOT}/Pods/Target Support Files/Pods-PushMyNotification/Pods-PushMyNotification-resources.sh\"\n";
			showEnvVarsInLog = 0;
		};
/* End PBXShellScriptBuildPhase section */

/* Begin PBXSourcesBuildPhase section */
		68F589BE1EFB611A00D65445 /* Sources */ = {
			isa = PBXSourcesBuildPhase;
			buildActionMask = 2147483647;
			files = (
				68F589C81EFB611A00D65445 /* ViewController.swift in Sources */,
				68F589C61EFB611A00D65445 /* AppDelegate.swift in Sources */,
			);
			runOnlyForDeploymentPostprocessing = 0;
		};
/* End PBXSourcesBuildPhase section */

/* Begin PBXVariantGroup section */
		68F589C91EFB611A00D65445 /* Main.storyboard */ = {
			isa = PBXVariantGroup;
			children = (
				68F589CA1EFB611A00D65445 /* Base */,
			);
			name = Main.storyboard;
			sourceTree = "<group>";
		};
		68F589CE1EFB611A00D65445 /* LaunchScreen.storyboard */ = {
			isa = PBXVariantGroup;
			children = (
				68F589CF1EFB611A00D65445 /* Base */,
			);
			name = LaunchScreen.storyboard;
			sourceTree = "<group>";
		};
/* End PBXVariantGroup section */

/* Begin XCBuildConfiguration section */
		68F589D21EFB611A00D65445 /* Debug */ = {
			isa = XCBuildConfiguration;
			buildSettings = {
				ALWAYS_SEARCH_USER_PATHS = NO;
				CLANG_ANALYZER_NONNULL = YES;
				CLANG_ANALYZER_NUMBER_OBJECT_CONVERSION = YES_AGGRESSIVE;
				CLANG_CXX_LANGUAGE_STANDARD = "gnu++0x";
				CLANG_CXX_LIBRARY = "libc++";
				CLANG_ENABLE_MODULES = YES;
				CLANG_ENABLE_OBJC_ARC = YES;
				CLANG_WARN_BOOL_CONVERSION = YES;
				CLANG_WARN_CONSTANT_CONVERSION = YES;
				CLANG_WARN_DIRECT_OBJC_ISA_USAGE = YES_ERROR;
				CLANG_WARN_DOCUMENTATION_COMMENTS = YES;
				CLANG_WARN_EMPTY_BODY = YES;
				CLANG_WARN_ENUM_CONVERSION = YES;
				CLANG_WARN_INFINITE_RECURSION = YES;
				CLANG_WARN_INT_CONVERSION = YES;
				CLANG_WARN_OBJC_ROOT_CLASS = YES_ERROR;
				CLANG_WARN_SUSPICIOUS_MOVE = YES;
				CLANG_WARN_UNREACHABLE_CODE = YES;
				CLANG_WARN__DUPLICATE_METHOD_MATCH = YES;
				"CODE_SIGN_IDENTITY[sdk=iphoneos*]" = "iPhone Developer";
				COPY_PHASE_STRIP = NO;
				DEBUG_INFORMATION_FORMAT = dwarf;
				ENABLE_STRICT_OBJC_MSGSEND = YES;
				ENABLE_TESTABILITY = YES;
				GCC_C_LANGUAGE_STANDARD = gnu99;
				GCC_DYNAMIC_NO_PIC = NO;
				GCC_NO_COMMON_BLOCKS = YES;
				GCC_OPTIMIZATION_LEVEL = 0;
				GCC_PREPROCESSOR_DEFINITIONS = (
					"DEBUG=1",
					"$(inherited)",
				);
				GCC_WARN_64_TO_32_BIT_CONVERSION = YES;
				GCC_WARN_ABOUT_RETURN_TYPE = YES_ERROR;
				GCC_WARN_UNDECLARED_SELECTOR = YES;
				GCC_WARN_UNINITIALIZED_AUTOS = YES_AGGRESSIVE;
				GCC_WARN_UNUSED_FUNCTION = YES;
				GCC_WARN_UNUSED_VARIABLE = YES;
				IPHONEOS_DEPLOYMENT_TARGET = 10.3;
				MTL_ENABLE_DEBUG_INFO = YES;
				ONLY_ACTIVE_ARCH = YES;
				SDKROOT = iphoneos;
				SWIFT_ACTIVE_COMPILATION_CONDITIONS = DEBUG;
				SWIFT_OPTIMIZATION_LEVEL = "-Onone";
				TARGETED_DEVICE_FAMILY = "1,2";
			};
			name = Debug;
		};
		68F589D31EFB611A00D65445 /* Release */ = {
			isa = XCBuildConfiguration;
			buildSettings = {
				ALWAYS_SEARCH_USER_PATHS = NO;
				CLANG_ANALYZER_NONNULL = YES;
				CLANG_ANALYZER_NUMBER_OBJECT_CONVERSION = YES_AGGRESSIVE;
				CLANG_CXX_LANGUAGE_STANDARD = "gnu++0x";
				CLANG_CXX_LIBRARY = "libc++";
				CLANG_ENABLE_MODULES = YES;
				CLANG_ENABLE_OBJC_ARC = YES;
				CLANG_WARN_BOOL_CONVERSION = YES;
				CLANG_WARN_CONSTANT_CONVERSION = YES;
				CLANG_WARN_DIRECT_OBJC_ISA_USAGE = YES_ERROR;
				CLANG_WARN_DOCUMENTATION_COMMENTS = YES;
				CLANG_WARN_EMPTY_BODY = YES;
				CLANG_WARN_ENUM_CONVERSION = YES;
				CLANG_WARN_INFINITE_RECURSION = YES;
				CLANG_WARN_INT_CONVERSION = YES;
				CLANG_WARN_OBJC_ROOT_CLASS = YES_ERROR;
				CLANG_WARN_SUSPICIOUS_MOVE = YES;
				CLANG_WARN_UNREACHABLE_CODE = YES;
				CLANG_WARN__DUPLICATE_METHOD_MATCH = YES;
				"CODE_SIGN_IDENTITY[sdk=iphoneos*]" = "iPhone Developer";
				COPY_PHASE_STRIP = NO;
				DEBUG_INFORMATION_FORMAT = "dwarf-with-dsym";
				ENABLE_NS_ASSERTIONS = NO;
				ENABLE_STRICT_OBJC_MSGSEND = YES;
				GCC_C_LANGUAGE_STANDARD = gnu99;
				GCC_NO_COMMON_BLOCKS = YES;
				GCC_WARN_64_TO_32_BIT_CONVERSION = YES;
				GCC_WARN_ABOUT_RETURN_TYPE = YES_ERROR;
				GCC_WARN_UNDECLARED_SELECTOR = YES;
				GCC_WARN_UNINITIALIZED_AUTOS = YES_AGGRESSIVE;
				GCC_WARN_UNUSED_FUNCTION = YES;
				GCC_WARN_UNUSED_VARIABLE = YES;
				IPHONEOS_DEPLOYMENT_TARGET = 10.3;
				MTL_ENABLE_DEBUG_INFO = NO;
				SDKROOT = iphoneos;
				SWIFT_OPTIMIZATION_LEVEL = "-Owholemodule";
				TARGETED_DEVICE_FAMILY = "1,2";
				VALIDATE_PRODUCT = YES;
			};
			name = Release;
		};
		68F589D51EFB611A00D65445 /* Debug */ = {
			isa = XCBuildConfiguration;
			baseConfigurationReference = 3C1C6CEA6233A6E803130366 /* Pods-PushMyNotification.debug.xcconfig */;
			buildSettings = {
				ASSETCATALOG_COMPILER_APPICON_NAME = AppIcon;
				CODE_SIGN_ENTITLEMENTS = PushMyNotification/PushMyNotification.entitlements;
				"CODE_SIGN_IDENTITY[sdk=iphoneos*]" = "iPhone Developer";
				DEVELOPMENT_TEAM = 4RVR26XK98;
				INFOPLIST_FILE = PushMyNotification/Info.plist;
				LD_RUNPATH_SEARCH_PATHS = "$(inherited) @executable_path/Frameworks";
				PRODUCT_BUNDLE_IDENTIFIER = com.MnemosyneC2.PushMyNotification.BG;
				PRODUCT_NAME = "$(TARGET_NAME)";
				PROVISIONING_PROFILE_SPECIFIER = "";
				SWIFT_VERSION = 3.0;
			};
			name = Debug;
		};
		68F589D61EFB611A00D65445 /* Release */ = {
			isa = XCBuildConfiguration;
			baseConfigurationReference = 6BB41899F9C69090D81E3A54 /* Pods-PushMyNotification.release.xcconfig */;
			buildSettings = {
				ASSETCATALOG_COMPILER_APPICON_NAME = AppIcon;
				CODE_SIGN_ENTITLEMENTS = PushMyNotification/PushMyNotification.entitlements;
				"CODE_SIGN_IDENTITY[sdk=iphoneos*]" = "iPhone Developer";
				DEVELOPMENT_TEAM = 4RVR26XK98;
				INFOPLIST_FILE = PushMyNotification/Info.plist;
				LD_RUNPATH_SEARCH_PATHS = "$(inherited) @executable_path/Frameworks";
				PRODUCT_BUNDLE_IDENTIFIER = com.MnemosyneC2.PushMyNotification.BG;
				PRODUCT_NAME = "$(TARGET_NAME)";
				PROVISIONING_PROFILE_SPECIFIER = "";
				SWIFT_VERSION = 3.0;
			};
			name = Release;
		};
/* End XCBuildConfiguration section */

/* Begin XCConfigurationList section */
		68F589BD1EFB611A00D65445 /* Build configuration list for PBXProject "PushMyNotification" */ = {
			isa = XCConfigurationList;
			buildConfigurations = (
				68F589D21EFB611A00D65445 /* Debug */,
				68F589D31EFB611A00D65445 /* Release */,
			);
			defaultConfigurationIsVisible = 0;
			defaultConfigurationName = Release;
		};
		68F589D41EFB611A00D65445 /* Build configuration list for PBXNativeTarget "PushMyNotification" */ = {
			isa = XCConfigurationList;
			buildConfigurations = (
				68F589D51EFB611A00D65445 /* Debug */,
				68F589D61EFB611A00D65445 /* Release */,
			);
			defaultConfigurationIsVisible = 0;
			defaultConfigurationName = Release;
		};
/* End XCConfigurationList section */
	};
	rootObject = 68F589BA1EFB611A00D65445 /* Project object */;
}
