// !$*UTF8*$!
{
	archiveVersion = 1;
	classes = {
	};
	objectVersion = 46;
	objects = {

/* Begin PBXBuildFile section */
		68D10FB51ED61723008AEA87 /* AppDelegate.swift in Sources */ = {isa = PBXBuildFile; fileRef = 68D10FB41ED61723008AEA87 /* AppDelegate.swift */; };
		68D10FB71ED61723008AEA87 /* ViewController.swift in Sources */ = {isa = PBXBuildFile; fileRef = 68D10FB61ED61723008AEA87 /* ViewController.swift */; };
		68D10FBA1ED61723008AEA87 /* Main.storyboard in Resources */ = {isa = PBXBuildFile; fileRef = 68D10FB81ED61723008AEA87 /* Main.storyboard */; };
		68D10FBC1ED61723008AEA87 /* Assets.xcassets in Resources */ = {isa = PBXBuildFile; fileRef = 68D10FBB1ED61723008AEA87 /* Assets.xcassets */; };
		68D10FBF1ED61723008AEA87 /* LaunchScreen.storyboard in Resources */ = {isa = PBXBuildFile; fileRef = 68D10FBD1ED61723008AEA87 /* LaunchScreen.storyboard */; };
		68D10FCB1ED61850008AEA87 /* ProgressBarDraw.swift in Sources */ = {isa = PBXBuildFile; fileRef = 68D10FCA1ED61850008AEA87 /* ProgressBarDraw.swift */; };
		68D10FCD1ED618BC008AEA87 /* ProgressBarView.swift in Sources */ = {isa = PBXBuildFile; fileRef = 68D10FCC1ED618BC008AEA87 /* ProgressBarView.swift */; };
/* End PBXBuildFile section */

/* Begin PBXFileReference section */
		68D10FB11ED61723008AEA87 /* ProgressBarFun.app */ = {isa = PBXFileReference; explicitFileType = wrapper.application; includeInIndex = 0; path = ProgressBarFun.app; sourceTree = BUILT_PRODUCTS_DIR; };
		68D10FB41ED61723008AEA87 /* AppDelegate.swift */ = {isa = PBXFileReference; lastKnownFileType = sourcecode.swift; path = AppDelegate.swift; sourceTree = "<group>"; };
		68D10FB61ED61723008AEA87 /* ViewController.swift */ = {isa = PBXFileReference; lastKnownFileType = sourcecode.swift; path = ViewController.swift; sourceTree = "<group>"; };
		68D10FB91ED61723008AEA87 /* Base */ = {isa = PBXFileReference; lastKnownFileType = file.storyboard; name = Base; path = Base.lproj/Main.storyboard; sourceTree = "<group>"; };
		68D10FBB1ED61723008AEA87 /* Assets.xcassets */ = {isa = PBXFileReference; lastKnownFileType = folder.assetcatalog; path = Assets.xcassets; sourceTree = "<group>"; };
		68D10FBE1ED61723008AEA87 /* Base */ = {isa = PBXFileReference; lastKnownFileType = file.storyboard; name = Base; path = Base.lproj/LaunchScreen.storyboard; sourceTree = "<group>"; };
		68D10FC01ED61723008AEA87 /* Info.plist */ = {isa = PBXFileReference; lastKnownFileType = text.plist.xml; path = Info.plist; sourceTree = "<group>"; };
		68D10FCA1ED61850008AEA87 /* ProgressBarDraw.swift */ = {isa = PBXFileReference; fileEncoding = 4; lastKnownFileType = sourcecode.swift; path = ProgressBarDraw.swift; sourceTree = "<group>"; };
		68D10FCC1ED618BC008AEA87 /* ProgressBarView.swift */ = {isa = PBXFileReference; fileEncoding = 4; lastKnownFileType = sourcecode.swift; path = ProgressBarView.swift; sourceTree = "<group>"; };
/* End PBXFileReference section */

/* Begin PBXFrameworksBuildPhase section */
		68D10FAE1ED61723008AEA87 /* Frameworks */ = {
			isa = PBXFrameworksBuildPhase;
			buildActionMask = 2147483647;
			files = (
			);
			runOnlyForDeploymentPostprocessing = 0;
		};
/* End PBXFrameworksBuildPhase section */

/* Begin PBXGroup section */
		68D10FA81ED61723008AEA87 = {
			isa = PBXGroup;
			children = (
				68D10FB31ED61723008AEA87 /* ProgressBarFun */,
				68D10FB21ED61723008AEA87 /* Products */,
			);
			sourceTree = "<group>";
		};
		68D10FB21ED61723008AEA87 /* Products */ = {
			isa = PBXGroup;
			children = (
				68D10FB11ED61723008AEA87 /* ProgressBarFun.app */,
			);
			name = Products;
			sourceTree = "<group>";
		};
		68D10FB31ED61723008AEA87 /* ProgressBarFun */ = {
			isa = PBXGroup;
			children = (
				68D10FC81ED61744008AEA87 /* View */,
				68D10FC71ED6173D008AEA87 /* Model */,
				68D10FC91ED6174C008AEA87 /* Controller */,
				68D10FB41ED61723008AEA87 /* AppDelegate.swift */,
				68D10FB81ED61723008AEA87 /* Main.storyboard */,
				68D10FBB1ED61723008AEA87 /* Assets.xcassets */,
				68D10FBD1ED61723008AEA87 /* LaunchScreen.storyboard */,
				68D10FC01ED61723008AEA87 /* Info.plist */,
			);
			path = ProgressBarFun;
			sourceTree = "<group>";
		};
		68D10FC71ED6173D008AEA87 /* Model */ = {
			isa = PBXGroup;
			children = (
			);
			name = Model;
			sourceTree = "<group>";
		};
		68D10FC81ED61744008AEA87 /* View */ = {
			isa = PBXGroup;
			children = (
				68D10FCA1ED61850008AEA87 /* ProgressBarDraw.swift */,
				68D10FCC1ED618BC008AEA87 /* ProgressBarView.swift */,
			);
			name = View;
			sourceTree = "<group>";
		};
		68D10FC91ED6174C008AEA87 /* Controller */ = {
			isa = PBXGroup;
			children = (
				68D10FB61ED61723008AEA87 /* ViewController.swift */,
			);
			name = Controller;
			sourceTree = "<group>";
		};
/* End PBXGroup section */

/* Begin PBXNativeTarget section */
		68D10FB01ED61723008AEA87 /* ProgressBarFun */ = {
			isa = PBXNativeTarget;
			buildConfigurationList = 68D10FC31ED61723008AEA87 /* Build configuration list for PBXNativeTarget "ProgressBarFun" */;
			buildPhases = (
				68D10FAD1ED61723008AEA87 /* Sources */,
				68D10FAE1ED61723008AEA87 /* Frameworks */,
				68D10FAF1ED61723008AEA87 /* Resources */,
			);
			buildRules = (
			);
			dependencies = (
			);
			name = ProgressBarFun;
			productName = ProgressBarFun;
			productReference = 68D10FB11ED61723008AEA87 /* ProgressBarFun.app */;
			productType = "com.apple.product-type.application";
		};
/* End PBXNativeTarget section */

/* Begin PBXProject section */
		68D10FA91ED61723008AEA87 /* Project object */ = {
			isa = PBXProject;
			attributes = {
				LastSwiftUpdateCheck = 0830;
				LastUpgradeCheck = 0830;
				ORGANIZATIONNAME = "Mnemosyne C2";
				TargetAttributes = {
					68D10FB01ED61723008AEA87 = {
						CreatedOnToolsVersion = 8.3.2;
						DevelopmentTeam = 2JRSF99V93;
						ProvisioningStyle = Automatic;
					};
				};
			};
			buildConfigurationList = 68D10FAC1ED61723008AEA87 /* Build configuration list for PBXProject "ProgressBarFun" */;
			compatibilityVersion = "Xcode 3.2";
			developmentRegion = English;
			hasScannedForEncodings = 0;
			knownRegions = (
				en,
				Base,
			);
			mainGroup = 68D10FA81ED61723008AEA87;
			productRefGroup = 68D10FB21ED61723008AEA87 /* Products */;
			projectDirPath = "";
			projectRoot = "";
			targets = (
				68D10FB01ED61723008AEA87 /* ProgressBarFun */,
			);
		};
/* End PBXProject section */

/* Begin PBXResourcesBuildPhase section */
		68D10FAF1ED61723008AEA87 /* Resources */ = {
			isa = PBXResourcesBuildPhase;
			buildActionMask = 2147483647;
			files = (
				68D10FBF1ED61723008AEA87 /* LaunchScreen.storyboard in Resources */,
				68D10FBC1ED61723008AEA87 /* Assets.xcassets in Resources */,
				68D10FBA1ED61723008AEA87 /* Main.storyboard in Resources */,
			);
			runOnlyForDeploymentPostprocessing = 0;
		};
/* End PBXResourcesBuildPhase section */

/* Begin PBXSourcesBuildPhase section */
		68D10FAD1ED61723008AEA87 /* Sources */ = {
			isa = PBXSourcesBuildPhase;
			buildActionMask = 2147483647;
			files = (
				68D10FCB1ED61850008AEA87 /* ProgressBarDraw.swift in Sources */,
				68D10FCD1ED618BC008AEA87 /* ProgressBarView.swift in Sources */,
				68D10FB71ED61723008AEA87 /* ViewController.swift in Sources */,
				68D10FB51ED61723008AEA87 /* AppDelegate.swift in Sources */,
			);
			runOnlyForDeploymentPostprocessing = 0;
		};
/* End PBXSourcesBuildPhase section */

/* Begin PBXVariantGroup section */
		68D10FB81ED61723008AEA87 /* Main.storyboard */ = {
			isa = PBXVariantGroup;
			children = (
				68D10FB91ED61723008AEA87 /* Base */,
			);
			name = Main.storyboard;
			sourceTree = "<group>";
		};
		68D10FBD1ED61723008AEA87 /* LaunchScreen.storyboard */ = {
			isa = PBXVariantGroup;
			children = (
				68D10FBE1ED61723008AEA87 /* Base */,
			);
			name = LaunchScreen.storyboard;
			sourceTree = "<group>";
		};
/* End PBXVariantGroup section */

/* Begin XCBuildConfiguration section */
		68D10FC11ED61723008AEA87 /* Debug */ = {
			isa = XCBuildConfiguration;
			buildSettings = {
				ALWAYS_SEARCH_USER_PATHS = NO;
				CLANG_ANALYZER_NONNULL = YES;
				CLANG_ANALYZER_NUMBER_OBJECT_CONVERSION = YES_AGGRESSIVE;
				CLANG_CXX_LANGUAGE_STANDARD = "gnu++0x";
				CLANG_CXX_LIBRARY = "libc++";
				CLANG_ENABLE_MODULES = YES;
				CLANG_ENABLE_OBJC_ARC = YES;
				CLANG_WARN_BOOL_CONVERSION = YES;
				CLANG_WARN_CONSTANT_CONVERSION = YES;
				CLANG_WARN_DIRECT_OBJC_ISA_USAGE = YES_ERROR;
				CLANG_WARN_DOCUMENTATION_COMMENTS = YES;
				CLANG_WARN_EMPTY_BODY = YES;
				CLANG_WARN_ENUM_CONVERSION = YES;
				CLANG_WARN_INFINITE_RECURSION = YES;
				CLANG_WARN_INT_CONVERSION = YES;
				CLANG_WARN_OBJC_ROOT_CLASS = YES_ERROR;
				CLANG_WARN_SUSPICIOUS_MOVE = YES;
				CLANG_WARN_UNREACHABLE_CODE = YES;
				CLANG_WARN__DUPLICATE_METHOD_MATCH = YES;
				"CODE_SIGN_IDENTITY[sdk=iphoneos*]" = "iPhone Developer";
				COPY_PHASE_STRIP = NO;
				DEBUG_INFORMATION_FORMAT = dwarf;
				ENABLE_STRICT_OBJC_MSGSEND = YES;
				ENABLE_TESTABILITY = YES;
				GCC_C_LANGUAGE_STANDARD = gnu99;
				GCC_DYNAMIC_NO_PIC = NO;
				GCC_NO_COMMON_BLOCKS = YES;
				GCC_OPTIMIZATION_LEVEL = 0;
				GCC_PREPROCESSOR_DEFINITIONS = (
					"DEBUG=1",
					"$(inherited)",
				);
				GCC_WARN_64_TO_32_BIT_CONVERSION = YES;
				GCC_WARN_ABOUT_RETURN_TYPE = YES_ERROR;
				GCC_WARN_UNDECLARED_SELECTOR = YES;
				GCC_WARN_UNINITIALIZED_AUTOS = YES_AGGRESSIVE;
				GCC_WARN_UNUSED_FUNCTION = YES;
				GCC_WARN_UNUSED_VARIABLE = YES;
				IPHONEOS_DEPLOYMENT_TARGET = 10.3;
				MTL_ENABLE_DEBUG_INFO = YES;
				ONLY_ACTIVE_ARCH = YES;
				SDKROOT = iphoneos;
				SWIFT_ACTIVE_COMPILATION_CONDITIONS = DEBUG;
				SWIFT_OPTIMIZATION_LEVEL = "-Onone";
				TARGETED_DEVICE_FAMILY = "1,2";
			};
			name = Debug;
		};
		68D10FC21ED61723008AEA87 /* Release */ = {
			isa = XCBuildConfiguration;
			buildSettings = {
				ALWAYS_SEARCH_USER_PATHS = NO;
				CLANG_ANALYZER_NONNULL = YES;
				CLANG_ANALYZER_NUMBER_OBJECT_CONVERSION = YES_AGGRESSIVE;
				CLANG_CXX_LANGUAGE_STANDARD = "gnu++0x";
				CLANG_CXX_LIBRARY = "libc++";
				CLANG_ENABLE_MODULES = YES;
				CLANG_ENABLE_OBJC_ARC = YES;
				CLANG_WARN_BOOL_CONVERSION = YES;
				CLANG_WARN_CONSTANT_CONVERSION = YES;
				CLANG_WARN_DIRECT_OBJC_ISA_USAGE = YES_ERROR;
				CLANG_WARN_DOCUMENTATION_COMMENTS = YES;
				CLANG_WARN_EMPTY_BODY = YES;
				CLANG_WARN_ENUM_CONVERSION = YES;
				CLANG_WARN_INFINITE_RECURSION = YES;
				CLANG_WARN_INT_CONVERSION = YES;
				CLANG_WARN_OBJC_ROOT_CLASS = YES_ERROR;
				CLANG_WARN_SUSPICIOUS_MOVE = YES;
				CLANG_WARN_UNREACHABLE_CODE = YES;
				CLANG_WARN__DUPLICATE_METHOD_MATCH = YES;
				"CODE_SIGN_IDENTITY[sdk=iphoneos*]" = "iPhone Developer";
				COPY_PHASE_STRIP = NO;
				DEBUG_INFORMATION_FORMAT = "dwarf-with-dsym";
				ENABLE_NS_ASSERTIONS = NO;
				ENABLE_STRICT_OBJC_MSGSEND = YES;
				GCC_C_LANGUAGE_STANDARD = gnu99;
				GCC_NO_COMMON_BLOCKS = YES;
				GCC_WARN_64_TO_32_BIT_CONVERSION = YES;
				GCC_WARN_ABOUT_RETURN_TYPE = YES_ERROR;
				GCC_WARN_UNDECLARED_SELECTOR = YES;
				GCC_WARN_UNINITIALIZED_AUTOS = YES_AGGRESSIVE;
				GCC_WARN_UNUSED_FUNCTION = YES;
				GCC_WARN_UNUSED_VARIABLE = YES;
				IPHONEOS_DEPLOYMENT_TARGET = 10.3;
				MTL_ENABLE_DEBUG_INFO = NO;
				SDKROOT = iphoneos;
				SWIFT_OPTIMIZATION_LEVEL = "-Owholemodule";
				TARGETED_DEVICE_FAMILY = "1,2";
				VALIDATE_PRODUCT = YES;
			};
			name = Release;
		};
		68D10FC41ED61723008AEA87 /* Debug */ = {
			isa = XCBuildConfiguration;
			buildSettings = {
				ASSETCATALOG_COMPILER_APPICON_NAME = AppIcon;
				DEVELOPMENT_TEAM = 2JRSF99V93;
				INFOPLIST_FILE = ProgressBarFun/Info.plist;
				LD_RUNPATH_SEARCH_PATHS = "$(inherited) @executable_path/Frameworks";
				PRODUCT_BUNDLE_IDENTIFIER = com.MnemosyneC2.ProgressBarFun;
				PRODUCT_NAME = "$(TARGET_NAME)";
				SWIFT_VERSION = 3.0;
			};
			name = Debug;
		};
		68D10FC51ED61723008AEA87 /* Release */ = {
			isa = XCBuildConfiguration;
			buildSettings = {
				ASSETCATALOG_COMPILER_APPICON_NAME = AppIcon;
				DEVELOPMENT_TEAM = 2JRSF99V93;
				INFOPLIST_FILE = ProgressBarFun/Info.plist;
				LD_RUNPATH_SEARCH_PATHS = "$(inherited) @executable_path/Frameworks";
				PRODUCT_BUNDLE_IDENTIFIER = com.MnemosyneC2.ProgressBarFun;
				PRODUCT_NAME = "$(TARGET_NAME)";
				SWIFT_VERSION = 3.0;
			};
			name = Release;
		};
/* End XCBuildConfiguration section */

/* Begin XCConfigurationList section */
		68D10FAC1ED61723008AEA87 /* Build configuration list for PBXProject "ProgressBarFun" */ = {
			isa = XCConfigurationList;
			buildConfigurations = (
				68D10FC11ED61723008AEA87 /* Debug */,
				68D10FC21ED61723008AEA87 /* Release */,
			);
			defaultConfigurationIsVisible = 0;
			defaultConfigurationName = Release;
		};
		68D10FC31ED61723008AEA87 /* Build configuration list for PBXNativeTarget "ProgressBarFun" */ = {
			isa = XCConfigurationList;
			buildConfigurations = (
				68D10FC41ED61723008AEA87 /* Debug */,
				68D10FC51ED61723008AEA87 /* Release */,
			);
			defaultConfigurationIsVisible = 0;
		};
/* End XCConfigurationList section */
	};
	rootObject = 68D10FA91ED61723008AEA87 /* Project object */;
}
